// !$*UTF8*$!
{
	archiveVersion = 1;
	classes = {
	};
	objectVersion = 52;
	objects = {

/* Begin PBXBuildFile section */
		1914199A234B2DD800D856AE /* RCTDevSupport+UIScene.m in Sources */ = {isa = PBXBuildFile; fileRef = 19141999234B2DD800D856AE /* RCTDevSupport+UIScene.m */; };
		192DD201240FCAF5004E9CEB /* Manifest.swift in Sources */ = {isa = PBXBuildFile; fileRef = 192DD200240FCAF5004E9CEB /* Manifest.swift */; };
		196C22622490CB7600449D3C /* React+Compatibility.m in Sources */ = {isa = PBXBuildFile; fileRef = 196C22602490CB7600449D3C /* React+Compatibility.m */; };
		196C7215232F1788006556ED /* ReactInstance.swift in Sources */ = {isa = PBXBuildFile; fileRef = 196C7214232F1788006556ED /* ReactInstance.swift */; };
		196C724123319A85006556ED /* QRCodeScannerViewController.swift in Sources */ = {isa = PBXBuildFile; fileRef = 196C724023319A85006556ED /* QRCodeScannerViewController.swift */; };
		197827FA27710D3400AEC655 /* Manifest+Decoder.swift in Sources */ = {isa = PBXBuildFile; fileRef = 197827F927710D3400AEC655 /* Manifest+Decoder.swift */; };
		1988284524105BEC005057FF /* UIViewController+ReactTestApp.m in Sources */ = {isa = PBXBuildFile; fileRef = 1988284424105BEC005057FF /* UIViewController+ReactTestApp.m */; };
		19A624A4258C95F000032776 /* Session.swift in Sources */ = {isa = PBXBuildFile; fileRef = 19A624A3258C95F000032776 /* Session.swift */; };
		19ECD0D6232ED425003D8557 /* AppDelegate.swift in Sources */ = {isa = PBXBuildFile; fileRef = 19ECD0D5232ED425003D8557 /* AppDelegate.swift */; };
		19ECD0D8232ED425003D8557 /* SceneDelegate.swift in Sources */ = {isa = PBXBuildFile; fileRef = 19ECD0D7232ED425003D8557 /* SceneDelegate.swift */; };
		19ECD0DA232ED425003D8557 /* ContentView.swift in Sources */ = {isa = PBXBuildFile; fileRef = 19ECD0D9232ED425003D8557 /* ContentView.swift */; };
		19ECD0DC232ED427003D8557 /* Assets.xcassets in Resources */ = {isa = PBXBuildFile; fileRef = 19ECD0DB232ED427003D8557 /* Assets.xcassets */; };
		19ECD0E2232ED427003D8557 /* LaunchScreen.storyboard in Resources */ = {isa = PBXBuildFile; fileRef = 19ECD0E0232ED427003D8557 /* LaunchScreen.storyboard */; };
		19ECD0ED232ED428003D8557 /* ReactTestAppTests.swift in Sources */ = {isa = PBXBuildFile; fileRef = 19ECD0EC232ED428003D8557 /* ReactTestAppTests.swift */; };
		19ECD0F8232ED428003D8557 /* ReactTestAppUITests.swift in Sources */ = {isa = PBXBuildFile; fileRef = 19ECD0F7232ED428003D8557 /* ReactTestAppUITests.swift */; };
/* End PBXBuildFile section */

/* Begin PBXContainerItemProxy section */
		19ECD0E9232ED427003D8557 /* PBXContainerItemProxy */ = {
			isa = PBXContainerItemProxy;
			containerPortal = 19ECD0CA232ED425003D8557 /* Project object */;
			proxyType = 1;
			remoteGlobalIDString = 19ECD0D1232ED425003D8557;
			remoteInfo = ReactTestApp;
		};
		19ECD0F4232ED428003D8557 /* PBXContainerItemProxy */ = {
			isa = PBXContainerItemProxy;
			containerPortal = 19ECD0CA232ED425003D8557 /* Project object */;
			proxyType = 1;
			remoteGlobalIDString = 19ECD0D1232ED425003D8557;
			remoteInfo = ReactTestApp;
		};
/* End PBXContainerItemProxy section */

/* Begin PBXFileReference section */
		19141999234B2DD800D856AE /* RCTDevSupport+UIScene.m */ = {isa = PBXFileReference; lastKnownFileType = sourcecode.c.objc; path = "RCTDevSupport+UIScene.m"; sourceTree = "<group>"; };
		192DD200240FCAF5004E9CEB /* Manifest.swift */ = {isa = PBXFileReference; fileEncoding = 4; lastKnownFileType = sourcecode.swift; path = Manifest.swift; sourceTree = "<group>"; };
		192F052624AD3CC500A48456 /* ReactTestApp.release.xcconfig */ = {isa = PBXFileReference; fileEncoding = 4; lastKnownFileType = text.xcconfig; path = ReactTestApp.release.xcconfig; sourceTree = "<group>"; };
		192F052724AD3CC500A48456 /* ReactTestApp.common.xcconfig */ = {isa = PBXFileReference; fileEncoding = 4; lastKnownFileType = text.xcconfig; path = ReactTestApp.common.xcconfig; sourceTree = "<group>"; };
		192F052824AD3CC500A48456 /* ReactTestApp.debug.xcconfig */ = {isa = PBXFileReference; fileEncoding = 4; lastKnownFileType = text.xcconfig; path = ReactTestApp.debug.xcconfig; sourceTree = "<group>"; };
		196C22602490CB7600449D3C /* React+Compatibility.m */ = {isa = PBXFileReference; fileEncoding = 4; lastKnownFileType = sourcecode.c.objc; path = "React+Compatibility.m"; sourceTree = "<group>"; };
		196C22612490CB7600449D3C /* React+Compatibility.h */ = {isa = PBXFileReference; fileEncoding = 4; lastKnownFileType = sourcecode.c.h; path = "React+Compatibility.h"; sourceTree = "<group>"; };
		196C7207232EF5DC006556ED /* ReactTestApp-Bridging-Header.h */ = {isa = PBXFileReference; lastKnownFileType = sourcecode.c.h; path = "ReactTestApp-Bridging-Header.h"; sourceTree = "<group>"; };
		196C7214232F1788006556ED /* ReactInstance.swift */ = {isa = PBXFileReference; lastKnownFileType = sourcecode.swift; path = ReactInstance.swift; sourceTree = "<group>"; };
		196C7216232F6CD9006556ED /* ReactTestApp.entitlements */ = {isa = PBXFileReference; lastKnownFileType = text.plist.entitlements; path = ReactTestApp.entitlements; sourceTree = "<group>"; };
		196C724023319A85006556ED /* QRCodeScannerViewController.swift */ = {isa = PBXFileReference; lastKnownFileType = sourcecode.swift; path = QRCodeScannerViewController.swift; sourceTree = "<group>"; };
		197827F927710D3400AEC655 /* Manifest+Decoder.swift */ = {isa = PBXFileReference; fileEncoding = 4; lastKnownFileType = sourcecode.swift; path = "Manifest+Decoder.swift"; sourceTree = "<group>"; };
		1988282224105BCC005057FF /* UIViewController+ReactTestApp.h */ = {isa = PBXFileReference; fileEncoding = 4; lastKnownFileType = sourcecode.c.h; path = "UIViewController+ReactTestApp.h"; sourceTree = "<group>"; };
		1988284424105BEC005057FF /* UIViewController+ReactTestApp.m */ = {isa = PBXFileReference; fileEncoding = 4; lastKnownFileType = sourcecode.c.objc; path = "UIViewController+ReactTestApp.m"; sourceTree = "<group>"; };
		19A624A3258C95F000032776 /* Session.swift */ = {isa = PBXFileReference; fileEncoding = 4; lastKnownFileType = sourcecode.swift; path = Session.swift; sourceTree = "<group>"; };
		19ECD0D2232ED425003D8557 /* ReactTestApp.app */ = {isa = PBXFileReference; explicitFileType = wrapper.application; includeInIndex = 0; path = ReactTestApp.app; sourceTree = BUILT_PRODUCTS_DIR; };
		19ECD0D5232ED425003D8557 /* AppDelegate.swift */ = {isa = PBXFileReference; lastKnownFileType = sourcecode.swift; path = AppDelegate.swift; sourceTree = "<group>"; };
		19ECD0D7232ED425003D8557 /* SceneDelegate.swift */ = {isa = PBXFileReference; lastKnownFileType = sourcecode.swift; path = SceneDelegate.swift; sourceTree = "<group>"; };
		19ECD0D9232ED425003D8557 /* ContentView.swift */ = {isa = PBXFileReference; lastKnownFileType = sourcecode.swift; path = ContentView.swift; sourceTree = "<group>"; };
		19ECD0DB232ED427003D8557 /* Assets.xcassets */ = {isa = PBXFileReference; lastKnownFileType = folder.assetcatalog; path = Assets.xcassets; sourceTree = "<group>"; };
		19ECD0E1232ED427003D8557 /* Base */ = {isa = PBXFileReference; lastKnownFileType = file.storyboard; name = Base; path = Base.lproj/LaunchScreen.storyboard; sourceTree = "<group>"; };
		19ECD0E3232ED427003D8557 /* Info.plist */ = {isa = PBXFileReference; lastKnownFileType = text.plist.xml; path = Info.plist; sourceTree = "<group>"; };
		19ECD0E8232ED427003D8557 /* ReactTestAppTests.xctest */ = {isa = PBXFileReference; explicitFileType = wrapper.cfbundle; includeInIndex = 0; path = ReactTestAppTests.xctest; sourceTree = BUILT_PRODUCTS_DIR; };
		19ECD0EC232ED428003D8557 /* ReactTestAppTests.swift */ = {isa = PBXFileReference; lastKnownFileType = sourcecode.swift; path = ReactTestAppTests.swift; sourceTree = "<group>"; };
		19ECD0EE232ED428003D8557 /* Info.plist */ = {isa = PBXFileReference; lastKnownFileType = text.plist.xml; path = Info.plist; sourceTree = "<group>"; };
		19ECD0F3232ED428003D8557 /* ReactTestAppUITests.xctest */ = {isa = PBXFileReference; explicitFileType = wrapper.cfbundle; includeInIndex = 0; path = ReactTestAppUITests.xctest; sourceTree = BUILT_PRODUCTS_DIR; };
		19ECD0F7232ED428003D8557 /* ReactTestAppUITests.swift */ = {isa = PBXFileReference; lastKnownFileType = sourcecode.swift; path = ReactTestAppUITests.swift; sourceTree = "<group>"; };
		19ECD0F9232ED428003D8557 /* Info.plist */ = {isa = PBXFileReference; lastKnownFileType = text.plist.xml; path = Info.plist; sourceTree = "<group>"; };
/* End PBXFileReference section */

/* Begin PBXFrameworksBuildPhase section */
		19ECD0CF232ED425003D8557 /* Frameworks */ = {
			isa = PBXFrameworksBuildPhase;
			buildActionMask = 2147483647;
			files = (
			);
			runOnlyForDeploymentPostprocessing = 0;
		};
		19ECD0E5232ED427003D8557 /* Frameworks */ = {
			isa = PBXFrameworksBuildPhase;
			buildActionMask = 2147483647;
			files = (
			);
			runOnlyForDeploymentPostprocessing = 0;
		};
		19ECD0F0232ED428003D8557 /* Frameworks */ = {
			isa = PBXFrameworksBuildPhase;
			buildActionMask = 2147483647;
			files = (
			);
			runOnlyForDeploymentPostprocessing = 0;
		};
/* End PBXFrameworksBuildPhase section */

/* Begin PBXGroup section */
		19ECD0C9232ED425003D8557 = {
			isa = PBXGroup;
			children = (
				19ECD0D4232ED425003D8557 /* ReactTestApp */,
				19ECD0EB232ED428003D8557 /* ReactTestAppTests */,
				19ECD0F6232ED428003D8557 /* ReactTestAppUITests */,
				19ECD0D3232ED425003D8557 /* Products */,
			);
			sourceTree = "<group>";
		};
		19ECD0D3232ED425003D8557 /* Products */ = {
			isa = PBXGroup;
			children = (
				19ECD0D2232ED425003D8557 /* ReactTestApp.app */,
				19ECD0E8232ED427003D8557 /* ReactTestAppTests.xctest */,
				19ECD0F3232ED428003D8557 /* ReactTestAppUITests.xctest */,
			);
			name = Products;
			sourceTree = "<group>";
		};
		19ECD0D4232ED425003D8557 /* ReactTestApp */ = {
			isa = PBXGroup;
			children = (
				19ECD0D5232ED425003D8557 /* AppDelegate.swift */,
				19ECD0D7232ED425003D8557 /* SceneDelegate.swift */,
				19ECD0D9232ED425003D8557 /* ContentView.swift */,
				192DD200240FCAF5004E9CEB /* Manifest.swift */,
				197827F927710D3400AEC655 /* Manifest+Decoder.swift */,
				196C724023319A85006556ED /* QRCodeScannerViewController.swift */,
				196C7214232F1788006556ED /* ReactInstance.swift */,
				19A624A3258C95F000032776 /* Session.swift */,
				196C7207232EF5DC006556ED /* ReactTestApp-Bridging-Header.h */,
				19141999234B2DD800D856AE /* RCTDevSupport+UIScene.m */,
				196C22612490CB7600449D3C /* React+Compatibility.h */,
				196C22602490CB7600449D3C /* React+Compatibility.m */,
				1988282224105BCC005057FF /* UIViewController+ReactTestApp.h */,
				1988284424105BEC005057FF /* UIViewController+ReactTestApp.m */,
				19ECD0DB232ED427003D8557 /* Assets.xcassets */,
				19ECD0E0232ED427003D8557 /* LaunchScreen.storyboard */,
				19ECD0E3232ED427003D8557 /* Info.plist */,
				196C7216232F6CD9006556ED /* ReactTestApp.entitlements */,
				192F052724AD3CC500A48456 /* ReactTestApp.common.xcconfig */,
				192F052824AD3CC500A48456 /* ReactTestApp.debug.xcconfig */,
				192F052624AD3CC500A48456 /* ReactTestApp.release.xcconfig */,
			);
			path = ReactTestApp;
			sourceTree = "<group>";
		};
		19ECD0EB232ED428003D8557 /* ReactTestAppTests */ = {
			isa = PBXGroup;
			children = (
				19ECD0EC232ED428003D8557 /* ReactTestAppTests.swift */,
				19ECD0EE232ED428003D8557 /* Info.plist */,
			);
			path = ReactTestAppTests;
			sourceTree = "<group>";
		};
		19ECD0F6232ED428003D8557 /* ReactTestAppUITests */ = {
			isa = PBXGroup;
			children = (
				19ECD0F7232ED428003D8557 /* ReactTestAppUITests.swift */,
				19ECD0F9232ED428003D8557 /* Info.plist */,
			);
			path = ReactTestAppUITests;
			sourceTree = "<group>";
		};
/* End PBXGroup section */

/* Begin PBXNativeTarget section */
		19ECD0D1232ED425003D8557 /* ReactTestApp */ = {
			isa = PBXNativeTarget;
			buildConfigurationList = 19ECD0FC232ED428003D8557 /* Build configuration list for PBXNativeTarget "ReactTestApp" */;
			buildPhases = (
				1936CB1C2768EC280085FD98 /* Validate manifest */,
				196C722C2330D28A006556ED /* Run SwiftLint */,
				19ECD0CE232ED425003D8557 /* Sources */,
				19ECD0CF232ED425003D8557 /* Frameworks */,
				19ECD0D0232ED425003D8557 /* Resources */,
			);
			buildRules = (
			);
			dependencies = (
			);
			name = ReactTestApp;
			productName = ReactTestApp;
			productReference = 19ECD0D2232ED425003D8557 /* ReactTestApp.app */;
			productType = "com.apple.product-type.application";
		};
		19ECD0E7232ED427003D8557 /* ReactTestAppTests */ = {
			isa = PBXNativeTarget;
			buildConfigurationList = 19ECD0FF232ED428003D8557 /* Build configuration list for PBXNativeTarget "ReactTestAppTests" */;
			buildPhases = (
				19ECD0E4232ED427003D8557 /* Sources */,
				19ECD0E5232ED427003D8557 /* Frameworks */,
				19ECD0E6232ED427003D8557 /* Resources */,
			);
			buildRules = (
			);
			dependencies = (
				19ECD0EA232ED427003D8557 /* PBXTargetDependency */,
			);
			name = ReactTestAppTests;
			productName = ReactTestAppTests;
			productReference = 19ECD0E8232ED427003D8557 /* ReactTestAppTests.xctest */;
			productType = "com.apple.product-type.bundle.unit-test";
		};
		19ECD0F2232ED428003D8557 /* ReactTestAppUITests */ = {
			isa = PBXNativeTarget;
			buildConfigurationList = 19ECD102232ED428003D8557 /* Build configuration list for PBXNativeTarget "ReactTestAppUITests" */;
			buildPhases = (
				19ECD0EF232ED428003D8557 /* Sources */,
				19ECD0F0232ED428003D8557 /* Frameworks */,
				19ECD0F1232ED428003D8557 /* Resources */,
			);
			buildRules = (
			);
			dependencies = (
				19ECD0F5232ED428003D8557 /* PBXTargetDependency */,
			);
			name = ReactTestAppUITests;
			productName = ReactTestAppUITests;
			productReference = 19ECD0F3232ED428003D8557 /* ReactTestAppUITests.xctest */;
			productType = "com.apple.product-type.bundle.ui-testing";
		};
/* End PBXNativeTarget section */

/* Begin PBXProject section */
		19ECD0CA232ED425003D8557 /* Project object */ = {
			isa = PBXProject;
			attributes = {
				LastSwiftUpdateCheck = 1300;
				LastUpgradeCheck = 1320;
				ORGANIZATIONNAME = Microsoft;
				TargetAttributes = {
					19ECD0D1232ED425003D8557 = {
						CreatedOnToolsVersion = 11.0;
						LastSwiftMigration = 1100;
					};
					19ECD0E7232ED427003D8557 = {
						CreatedOnToolsVersion = 11.0;
						TestTargetID = 19ECD0D1232ED425003D8557;
					};
					19ECD0F2232ED428003D8557 = {
						CreatedOnToolsVersion = 11.0;
						TestTargetID = 19ECD0D1232ED425003D8557;
					};
				};
			};
			buildConfigurationList = 19ECD0CD232ED425003D8557 /* Build configuration list for PBXProject "ReactTestApp" */;
			compatibilityVersion = "Xcode 11.0";
			developmentRegion = en;
			hasScannedForEncodings = 0;
			knownRegions = (
				en,
				Base,
			);
			mainGroup = 19ECD0C9232ED425003D8557;
			productRefGroup = 19ECD0D3232ED425003D8557 /* Products */;
			projectDirPath = "";
			projectRoot = "";
			targets = (
				19ECD0D1232ED425003D8557 /* ReactTestApp */,
				19ECD0E7232ED427003D8557 /* ReactTestAppTests */,
				19ECD0F2232ED428003D8557 /* ReactTestAppUITests */,
			);
		};
/* End PBXProject section */

/* Begin PBXResourcesBuildPhase section */
		19ECD0D0232ED425003D8557 /* Resources */ = {
			isa = PBXResourcesBuildPhase;
			buildActionMask = 2147483647;
			files = (
				19ECD0DC232ED427003D8557 /* Assets.xcassets in Resources */,
				19ECD0E2232ED427003D8557 /* LaunchScreen.storyboard in Resources */,
			);
			runOnlyForDeploymentPostprocessing = 0;
		};
		19ECD0E6232ED427003D8557 /* Resources */ = {
			isa = PBXResourcesBuildPhase;
			buildActionMask = 2147483647;
			files = (
			);
			runOnlyForDeploymentPostprocessing = 0;
		};
		19ECD0F1232ED428003D8557 /* Resources */ = {
			isa = PBXResourcesBuildPhase;
			buildActionMask = 2147483647;
			files = (
			);
			runOnlyForDeploymentPostprocessing = 0;
		};
/* End PBXResourcesBuildPhase section */

/* Begin PBXShellScriptBuildPhase section */
		1936CB1C2768EC280085FD98 /* Validate manifest */ = {
			isa = PBXShellScriptBuildPhase;
			buildActionMask = 2147483647;
			files = (
			);
			inputFileListPaths = (
			);
			inputPaths = (
			);
			name = "Validate manifest";
			outputFileListPaths = (
			);
			outputPaths = (
			);
			runOnlyForDeploymentPostprocessing = 0;
			shellPath = /bin/sh;
			shellScript = "if command -v node >/dev/null 2>&1; then\n  node -e 'require(\"react-native-test-app/scripts/validate-manifest\")'\nelse\n  echo 'Could not validate manifest because `node` was not found'\nfi\n";
		};
		196C722C2330D28A006556ED /* Run SwiftLint */ = {
			isa = PBXShellScriptBuildPhase;
			buildActionMask = 2147483647;
			files = (
			);
			inputFileListPaths = (
			);
			inputPaths = (
			);
			name = "Run SwiftLint";
			outputFileListPaths = (
			);
			outputPaths = (
			);
			runOnlyForDeploymentPostprocessing = 0;
			shellPath = /bin/sh;
			shellScript = "${PODS_ROOT}/SwiftLint/swiftlint || exit 0\n";
			showEnvVarsInLog = 0;
		};
/* End PBXShellScriptBuildPhase section */

/* Begin PBXSourcesBuildPhase section */
		19ECD0CE232ED425003D8557 /* Sources */ = {
			isa = PBXSourcesBuildPhase;
			buildActionMask = 2147483647;
			files = (
				19ECD0D6232ED425003D8557 /* AppDelegate.swift in Sources */,
				19ECD0DA232ED425003D8557 /* ContentView.swift in Sources */,
				192DD201240FCAF5004E9CEB /* Manifest.swift in Sources */,
				197827FA27710D3400AEC655 /* Manifest+Decoder.swift in Sources */,
				196C724123319A85006556ED /* QRCodeScannerViewController.swift in Sources */,
				1914199A234B2DD800D856AE /* RCTDevSupport+UIScene.m in Sources */,
				196C22622490CB7600449D3C /* React+Compatibility.m in Sources */,
				196C7215232F1788006556ED /* ReactInstance.swift in Sources */,
				19ECD0D8232ED425003D8557 /* SceneDelegate.swift in Sources */,
				19A624A4258C95F000032776 /* Session.swift in Sources */,
				1988284524105BEC005057FF /* UIViewController+ReactTestApp.m in Sources */,
			);
			runOnlyForDeploymentPostprocessing = 0;
		};
		19ECD0E4232ED427003D8557 /* Sources */ = {
			isa = PBXSourcesBuildPhase;
			buildActionMask = 2147483647;
			files = (
				19ECD0ED232ED428003D8557 /* ReactTestAppTests.swift in Sources */,
			);
			runOnlyForDeploymentPostprocessing = 0;
		};
		19ECD0EF232ED428003D8557 /* Sources */ = {
			isa = PBXSourcesBuildPhase;
			buildActionMask = 2147483647;
			files = (
				19ECD0F8232ED428003D8557 /* ReactTestAppUITests.swift in Sources */,
			);
			runOnlyForDeploymentPostprocessing = 0;
		};
/* End PBXSourcesBuildPhase section */

/* Begin PBXTargetDependency section */
		19ECD0EA232ED427003D8557 /* PBXTargetDependency */ = {
			isa = PBXTargetDependency;
			target = 19ECD0D1232ED425003D8557 /* ReactTestApp */;
			targetProxy = 19ECD0E9232ED427003D8557 /* PBXContainerItemProxy */;
		};
		19ECD0F5232ED428003D8557 /* PBXTargetDependency */ = {
			isa = PBXTargetDependency;
			target = 19ECD0D1232ED425003D8557 /* ReactTestApp */;
			targetProxy = 19ECD0F4232ED428003D8557 /* PBXContainerItemProxy */;
		};
/* End PBXTargetDependency section */

/* Begin PBXVariantGroup section */
		19ECD0E0232ED427003D8557 /* LaunchScreen.storyboard */ = {
			isa = PBXVariantGroup;
			children = (
				19ECD0E1232ED427003D8557 /* Base */,
			);
			name = LaunchScreen.storyboard;
			sourceTree = "<group>";
		};
/* End PBXVariantGroup section */

/* Begin XCBuildConfiguration section */
		19ECD0FA232ED428003D8557 /* Debug */ = {
			isa = XCBuildConfiguration;
			baseConfigurationReference = 192F052824AD3CC500A48456 /* ReactTestApp.debug.xcconfig */;
			buildSettings = {
			};
			name = Debug;
		};
		19ECD0FB232ED428003D8557 /* Release */ = {
			isa = XCBuildConfiguration;
			baseConfigurationReference = 192F052624AD3CC500A48456 /* ReactTestApp.release.xcconfig */;
			buildSettings = {
			};
			name = Release;
		};
		19ECD0FD232ED428003D8557 /* Debug */ = {
			isa = XCBuildConfiguration;
			buildSettings = {
				ASSETCATALOG_COMPILER_APPICON_NAME = AppIcon;
				CLANG_ENABLE_MODULES = YES;
				CODE_SIGN_ENTITLEMENTS = ReactTestApp/ReactTestApp.entitlements;
				CODE_SIGN_STYLE = Automatic;
				DEVELOPMENT_ASSET_PATHS = "";
				DEVELOPMENT_TEAM = UBF8T346G9;
				ENABLE_PREVIEWS = YES;
				INFOPLIST_FILE = ReactTestApp/Info.plist;
				LD_RUNPATH_SEARCH_PATHS = (
					"$(inherited)",
					"@executable_path/Frameworks",
				);
				PRODUCT_BUNDLE_IDENTIFIER = com.microsoft.ReactTestApp;
				PRODUCT_NAME = "$(TARGET_NAME)";
				SWIFT_OBJC_BRIDGING_HEADER = "ReactTestApp/ReactTestApp-Bridging-Header.h";
				SWIFT_OPTIMIZATION_LEVEL = "-Onone";
				SWIFT_VERSION = 5.0;
				TARGETED_DEVICE_FAMILY = "1,2";
			};
			name = Debug;
		};
		19ECD0FE232ED428003D8557 /* Release */ = {
			isa = XCBuildConfiguration;
			buildSettings = {
				ASSETCATALOG_COMPILER_APPICON_NAME = AppIcon;
				CLANG_ENABLE_MODULES = YES;
				CODE_SIGN_ENTITLEMENTS = ReactTestApp/ReactTestApp.entitlements;
				CODE_SIGN_STYLE = Automatic;
				DEVELOPMENT_ASSET_PATHS = "";
				DEVELOPMENT_TEAM = UBF8T346G9;
				ENABLE_PREVIEWS = YES;
				INFOPLIST_FILE = ReactTestApp/Info.plist;
				LD_RUNPATH_SEARCH_PATHS = (
					"$(inherited)",
					"@executable_path/Frameworks",
				);
				PRODUCT_BUNDLE_IDENTIFIER = com.microsoft.ReactTestApp;
				PRODUCT_NAME = "$(TARGET_NAME)";
				SWIFT_OBJC_BRIDGING_HEADER = "ReactTestApp/ReactTestApp-Bridging-Header.h";
				SWIFT_VERSION = 5.0;
				TARGETED_DEVICE_FAMILY = "1,2";
			};
			name = Release;
		};
		19ECD100232ED428003D8557 /* Debug */ = {
			isa = XCBuildConfiguration;
			buildSettings = {
				ALWAYS_EMBED_SWIFT_STANDARD_LIBRARIES = YES;
				BUNDLE_LOADER = "$(TEST_HOST)";
				CODE_SIGN_STYLE = Automatic;
				DEVELOPMENT_TEAM = UBF8T346G9;
				INFOPLIST_FILE = ReactTestAppTests/Info.plist;
				IPHONEOS_DEPLOYMENT_TARGET = 13.0;
				LD_RUNPATH_SEARCH_PATHS = (
					"$(inherited)",
					"@executable_path/Frameworks",
					"@loader_path/Frameworks",
				);
				PRODUCT_BUNDLE_IDENTIFIER = com.microsoft.ReactTestAppTests;
				PRODUCT_NAME = "$(TARGET_NAME)";
				SWIFT_VERSION = 5.0;
				TARGETED_DEVICE_FAMILY = "1,2";
				TEST_HOST = "$(BUILT_PRODUCTS_DIR)/ReactTestApp.app/ReactTestApp";
			};
			name = Debug;
		};
		19ECD101232ED428003D8557 /* Release */ = {
			isa = XCBuildConfiguration;
			buildSettings = {
				ALWAYS_EMBED_SWIFT_STANDARD_LIBRARIES = YES;
				BUNDLE_LOADER = "$(TEST_HOST)";
				CODE_SIGN_STYLE = Automatic;
				DEVELOPMENT_TEAM = UBF8T346G9;
				INFOPLIST_FILE = ReactTestAppTests/Info.plist;
				IPHONEOS_DEPLOYMENT_TARGET = 13.0;
				LD_RUNPATH_SEARCH_PATHS = (
					"$(inherited)",
					"@executable_path/Frameworks",
					"@loader_path/Frameworks",
				);
				PRODUCT_BUNDLE_IDENTIFIER = com.microsoft.ReactTestAppTests;
				PRODUCT_NAME = "$(TARGET_NAME)";
				SWIFT_VERSION = 5.0;
				TARGETED_DEVICE_FAMILY = "1,2";
				TEST_HOST = "$(BUILT_PRODUCTS_DIR)/ReactTestApp.app/ReactTestApp";
			};
			name = Release;
		};
		19ECD103232ED428003D8557 /* Debug */ = {
			isa = XCBuildConfiguration;
			buildSettings = {
				ALWAYS_EMBED_SWIFT_STANDARD_LIBRARIES = YES;
				CODE_SIGN_STYLE = Automatic;
				DEVELOPMENT_TEAM = UBF8T346G9;
				INFOPLIST_FILE = ReactTestAppUITests/Info.plist;
				LD_RUNPATH_SEARCH_PATHS = (
					"$(inherited)",
					"@executable_path/Frameworks",
					"@loader_path/Frameworks",
				);
				PRODUCT_BUNDLE_IDENTIFIER = com.microsoft.ReactTestAppUITests;
				PRODUCT_NAME = "$(TARGET_NAME)";
				SWIFT_VERSION = 5.0;
				TARGETED_DEVICE_FAMILY = "1,2";
				TEST_TARGET_NAME = ReactTestApp;
			};
			name = Debug;
		};
		19ECD104232ED428003D8557 /* Release */ = {
			isa = XCBuildConfiguration;
			buildSettings = {
				ALWAYS_EMBED_SWIFT_STANDARD_LIBRARIES = YES;
				CODE_SIGN_STYLE = Automatic;
				DEVELOPMENT_TEAM = UBF8T346G9;
				INFOPLIST_FILE = ReactTestAppUITests/Info.plist;
				LD_RUNPATH_SEARCH_PATHS = (
					"$(inherited)",
					"@executable_path/Frameworks",
					"@loader_path/Frameworks",
				);
				PRODUCT_BUNDLE_IDENTIFIER = com.microsoft.ReactTestAppUITests;
				PRODUCT_NAME = "$(TARGET_NAME)";
				SWIFT_VERSION = 5.0;
				TARGETED_DEVICE_FAMILY = "1,2";
				TEST_TARGET_NAME = ReactTestApp;
			};
			name = Release;
		};
/* End XCBuildConfiguration section */

/* Begin XCConfigurationList section */
		19ECD0CD232ED425003D8557 /* Build configuration list for PBXProject "ReactTestApp" */ = {
			isa = XCConfigurationList;
			buildConfigurations = (
				19ECD0FA232ED428003D8557 /* Debug */,
				19ECD0FB232ED428003D8557 /* Release */,
			);
			defaultConfigurationIsVisible = 0;
			defaultConfigurationName = Release;
		};
		19ECD0FC232ED428003D8557 /* Build configuration list for PBXNativeTarget "ReactTestApp" */ = {
			isa = XCConfigurationList;
			buildConfigurations = (
				19ECD0FD232ED428003D8557 /* Debug */,
				19ECD0FE232ED428003D8557 /* Release */,
			);
			defaultConfigurationIsVisible = 0;
			defaultConfigurationName = Release;
		};
		19ECD0FF232ED428003D8557 /* Build configuration list for PBXNativeTarget "ReactTestAppTests" */ = {
			isa = XCConfigurationList;
			buildConfigurations = (
				19ECD100232ED428003D8557 /* Debug */,
				19ECD101232ED428003D8557 /* Release */,
			);
			defaultConfigurationIsVisible = 0;
			defaultConfigurationName = Release;
		};
		19ECD102232ED428003D8557 /* Build configuration list for PBXNativeTarget "ReactTestAppUITests" */ = {
			isa = XCConfigurationList;
			buildConfigurations = (
				19ECD103232ED428003D8557 /* Debug */,
				19ECD104232ED428003D8557 /* Release */,
			);
			defaultConfigurationIsVisible = 0;
			defaultConfigurationName = Release;
		};
/* End XCConfigurationList section */
	};
	rootObject = 19ECD0CA232ED425003D8557 /* Project object */;
}
