PODS:
  - boost (1.83.0)
  - DoubleConversion (1.1.6)
  - Example-Tests (0.0.1-dev):
    - React
    - ReactTestApp-DevSupport
  - FBLazyVector (0.73.7)
  - FBReactNativeSpec (0.73.7):
    - RCT-Folly (= 2022.05.16.00)
    - RCTRequired (= 0.73.7)
    - RCTTypeSafety (= 0.73.7)
    - React-Core (= 0.73.7)
    - React-jsi (= 0.73.7)
    - ReactCommon/turbomodule/core (= 0.73.7)
  - fmt (9.1.0)
  - glog (0.3.5)
  - libevent (2.1.12.1)
  - RCT-Folly (2022.05.16.00):
    - boost
    - DoubleConversion
    - fmt (= 9.1.0)
    - glog
    - RCT-Folly/Default (= 2022.05.16.00)
  - RCT-Folly/Default (2022.05.16.00):
    - boost
    - DoubleConversion
    - fmt (= 9.1.0)
    - glog
  - RCT-Folly/Fabric (2022.05.16.00):
    - boost
    - DoubleConversion
    - fmt (= 9.1.0)
    - glog
  - RCTRequired (0.73.7)
  - RCTTypeSafety (0.73.7):
    - FBLazyVector (= 0.73.7)
    - RCTRequired (= 0.73.7)
    - React-Core (= 0.73.7)
  - React (0.73.7):
    - React-Core (= 0.73.7)
    - React-Core/DevSupport (= 0.73.7)
    - React-Core/RCTWebSocket (= 0.73.7)
    - React-RCTActionSheet (= 0.73.7)
    - React-RCTAnimation (= 0.73.7)
    - React-RCTBlob (= 0.73.7)
    - React-RCTImage (= 0.73.7)
    - React-RCTLinking (= 0.73.7)
    - React-RCTNetwork (= 0.73.7)
    - React-RCTSettings (= 0.73.7)
    - React-RCTText (= 0.73.7)
    - React-RCTVibration (= 0.73.7)
    - React-RCTWindowManager (= 0.73.7)
    - React-RCTXR (= 0.73.7)
  - React-callinvoker (0.73.7)
  - React-Codegen (0.73.7):
    - DoubleConversion
    - FBReactNativeSpec
    - glog
    - RCT-Folly
    - RCTRequired
    - RCTTypeSafety
    - React-Core
    - React-jsc
    - React-jsi
    - React-jsiexecutor
    - React-NativeModulesApple
    - React-rncore
    - ReactCommon/turbomodule/bridging
    - ReactCommon/turbomodule/core
  - React-Core (0.73.7):
    - glog
    - RCT-Folly (= 2022.05.16.00)
    - React-Core/Default (= 0.73.7)
    - React-cxxreact
    - React-jsc
    - React-jsi
    - React-jsiexecutor
    - React-perflogger
    - React-runtimescheduler
    - React-utils
    - SocketRocket (= 0.7.0.1)
    - Yoga
  - React-Core/CoreModulesHeaders (0.73.7):
    - glog
    - RCT-Folly (= 2022.05.16.00)
    - React-Core/Default
    - React-cxxreact
    - React-jsc
    - React-jsi
    - React-jsiexecutor
    - React-perflogger
    - React-runtimescheduler
    - React-utils
    - SocketRocket (= 0.7.0.1)
    - Yoga
  - React-Core/Default (0.73.7):
    - glog
    - RCT-Folly (= 2022.05.16.00)
    - React-cxxreact
    - React-jsc
    - React-jsi
    - React-jsiexecutor
    - React-perflogger
    - React-runtimescheduler
    - React-utils
    - SocketRocket (= 0.7.0.1)
    - Yoga
  - React-Core/DevSupport (0.73.7):
    - glog
    - RCT-Folly (= 2022.05.16.00)
    - React-Core/Default (= 0.73.7)
    - React-Core/RCTWebSocket (= 0.73.7)
    - React-cxxreact
    - React-jsc
    - React-jsi
    - React-jsiexecutor
    - React-jsinspector (= 0.73.7)
    - React-perflogger
    - React-runtimescheduler
    - React-utils
    - SocketRocket (= 0.7.0.1)
    - Yoga
  - React-Core/RCTActionSheetHeaders (0.73.7):
    - glog
    - RCT-Folly (= 2022.05.16.00)
    - React-Core/Default
    - React-cxxreact
    - React-jsc
    - React-jsi
    - React-jsiexecutor
    - React-perflogger
    - React-runtimescheduler
    - React-utils
    - SocketRocket (= 0.7.0.1)
    - Yoga
  - React-Core/RCTAnimationHeaders (0.73.7):
    - glog
    - RCT-Folly (= 2022.05.16.00)
    - React-Core/Default
    - React-cxxreact
    - React-jsc
    - React-jsi
    - React-jsiexecutor
    - React-perflogger
    - React-runtimescheduler
    - React-utils
    - SocketRocket (= 0.7.0.1)
    - Yoga
  - React-Core/RCTBlobHeaders (0.73.7):
    - glog
    - RCT-Folly (= 2022.05.16.00)
    - React-Core/Default
    - React-cxxreact
    - React-jsc
    - React-jsi
    - React-jsiexecutor
    - React-perflogger
    - React-runtimescheduler
    - React-utils
    - SocketRocket (= 0.7.0.1)
    - Yoga
  - React-Core/RCTImageHeaders (0.73.7):
    - glog
    - RCT-Folly (= 2022.05.16.00)
    - React-Core/Default
    - React-cxxreact
    - React-jsc
    - React-jsi
    - React-jsiexecutor
    - React-perflogger
    - React-runtimescheduler
    - React-utils
    - SocketRocket (= 0.7.0.1)
    - Yoga
  - React-Core/RCTLinkingHeaders (0.73.7):
    - glog
    - RCT-Folly (= 2022.05.16.00)
    - React-Core/Default
    - React-cxxreact
    - React-jsc
    - React-jsi
    - React-jsiexecutor
    - React-perflogger
    - React-runtimescheduler
    - React-utils
    - SocketRocket (= 0.7.0.1)
    - Yoga
  - React-Core/RCTNetworkHeaders (0.73.7):
    - glog
    - RCT-Folly (= 2022.05.16.00)
    - React-Core/Default
    - React-cxxreact
    - React-jsc
    - React-jsi
    - React-jsiexecutor
    - React-perflogger
    - React-runtimescheduler
    - React-utils
    - SocketRocket (= 0.7.0.1)
    - Yoga
  - React-Core/RCTSettingsHeaders (0.73.7):
    - glog
    - RCT-Folly (= 2022.05.16.00)
    - React-Core/Default
    - React-cxxreact
    - React-jsc
    - React-jsi
    - React-jsiexecutor
    - React-perflogger
    - React-runtimescheduler
    - React-utils
    - SocketRocket (= 0.7.0.1)
    - Yoga
  - React-Core/RCTTextHeaders (0.73.7):
    - glog
    - RCT-Folly (= 2022.05.16.00)
    - React-Core/Default
    - React-cxxreact
    - React-jsc
    - React-jsi
    - React-jsiexecutor
    - React-perflogger
    - React-runtimescheduler
    - React-utils
    - SocketRocket (= 0.7.0.1)
    - Yoga
  - React-Core/RCTVibrationHeaders (0.73.7):
    - glog
    - RCT-Folly (= 2022.05.16.00)
    - React-Core/Default
    - React-cxxreact
    - React-jsc
    - React-jsi
    - React-jsiexecutor
    - React-perflogger
    - React-runtimescheduler
    - React-utils
    - SocketRocket (= 0.7.0.1)
    - Yoga
  - React-Core/RCTWebSocket (0.73.7):
    - glog
    - RCT-Folly (= 2022.05.16.00)
    - React-Core/Default (= 0.73.7)
    - React-cxxreact
    - React-jsc
    - React-jsi
    - React-jsiexecutor
    - React-perflogger
    - React-runtimescheduler
    - React-utils
    - SocketRocket (= 0.7.0.1)
    - Yoga
  - React-Core/RCTWindowManagerHeaders (0.73.7):
    - glog
    - RCT-Folly (= 2022.05.16.00)
    - React-Core/Default
    - React-cxxreact
    - React-jsc
    - React-jsi
    - React-jsiexecutor
    - React-perflogger
    - React-runtimescheduler
    - React-utils
    - SocketRocket (= 0.7.0.1)
    - Yoga
  - React-Core/RCTXRHeaders (0.73.7):
    - glog
    - RCT-Folly (= 2022.05.16.00)
    - React-Core/Default
    - React-cxxreact
    - React-jsc
    - React-jsi
    - React-jsiexecutor
    - React-perflogger
    - React-runtimescheduler
    - React-utils
    - SocketRocket (= 0.7.0.1)
    - Yoga
  - React-CoreModules (0.73.7):
    - RCT-Folly (= 2022.05.16.00)
    - RCTTypeSafety (= 0.73.7)
    - React-Codegen
    - React-Core/CoreModulesHeaders (= 0.73.7)
    - React-jsi (= 0.73.7)
    - React-NativeModulesApple
    - React-RCTBlob
    - React-RCTImage (= 0.73.7)
    - ReactCommon
    - SocketRocket (= 0.7.0.1)
  - React-cxxreact (0.73.7):
    - boost (= 1.83.0)
    - DoubleConversion
    - fmt (= 9.1.0)
    - glog
    - RCT-Folly (= 2022.05.16.00)
    - React-callinvoker (= 0.73.7)
    - React-debug (= 0.73.7)
    - React-jsi (= 0.73.7)
    - React-jsinspector (= 0.73.7)
    - React-logger (= 0.73.7)
    - React-perflogger (= 0.73.7)
    - React-runtimeexecutor (= 0.73.7)
  - React-debug (0.73.7)
  - React-Fabric (0.73.7):
    - DoubleConversion
    - fmt (= 9.1.0)
    - glog
    - RCT-Folly/Fabric (= 2022.05.16.00)
    - RCTRequired
    - RCTTypeSafety
    - React-Core
    - React-cxxreact
    - React-debug
    - React-Fabric/animations (= 0.73.7)
    - React-Fabric/attributedstring (= 0.73.7)
    - React-Fabric/componentregistry (= 0.73.7)
    - React-Fabric/componentregistrynative (= 0.73.7)
    - React-Fabric/components (= 0.73.7)
    - React-Fabric/core (= 0.73.7)
    - React-Fabric/imagemanager (= 0.73.7)
    - React-Fabric/leakchecker (= 0.73.7)
    - React-Fabric/mounting (= 0.73.7)
    - React-Fabric/scheduler (= 0.73.7)
    - React-Fabric/telemetry (= 0.73.7)
    - React-Fabric/templateprocessor (= 0.73.7)
    - React-Fabric/textlayoutmanager (= 0.73.7)
    - React-Fabric/uimanager (= 0.73.7)
    - React-graphics
    - React-jsc
    - React-jsi
    - React-jsiexecutor
    - React-logger
    - React-rendererdebug
    - React-runtimescheduler
    - React-utils
    - ReactCommon/turbomodule/core
  - React-Fabric/animations (0.73.7):
    - DoubleConversion
    - fmt (= 9.1.0)
    - glog
    - RCT-Folly/Fabric (= 2022.05.16.00)
    - RCTRequired
    - RCTTypeSafety
    - React-Core
    - React-cxxreact
    - React-debug
    - React-graphics
    - React-jsc
    - React-jsi
    - React-jsiexecutor
    - React-logger
    - React-rendererdebug
    - React-runtimescheduler
    - React-utils
    - ReactCommon/turbomodule/core
  - React-Fabric/attributedstring (0.73.7):
    - DoubleConversion
    - fmt (= 9.1.0)
    - glog
    - RCT-Folly/Fabric (= 2022.05.16.00)
    - RCTRequired
    - RCTTypeSafety
    - React-Core
    - React-cxxreact
    - React-debug
    - React-graphics
    - React-jsc
    - React-jsi
    - React-jsiexecutor
    - React-logger
    - React-rendererdebug
    - React-runtimescheduler
    - React-utils
    - ReactCommon/turbomodule/core
  - React-Fabric/componentregistry (0.73.7):
    - DoubleConversion
    - fmt (= 9.1.0)
    - glog
    - RCT-Folly/Fabric (= 2022.05.16.00)
    - RCTRequired
    - RCTTypeSafety
    - React-Core
    - React-cxxreact
    - React-debug
    - React-graphics
    - React-jsc
    - React-jsi
    - React-jsiexecutor
    - React-logger
    - React-rendererdebug
    - React-runtimescheduler
    - React-utils
    - ReactCommon/turbomodule/core
  - React-Fabric/componentregistrynative (0.73.7):
    - DoubleConversion
    - fmt (= 9.1.0)
    - glog
    - RCT-Folly/Fabric (= 2022.05.16.00)
    - RCTRequired
    - RCTTypeSafety
    - React-Core
    - React-cxxreact
    - React-debug
    - React-graphics
    - React-jsc
    - React-jsi
    - React-jsiexecutor
    - React-logger
    - React-rendererdebug
    - React-runtimescheduler
    - React-utils
    - ReactCommon/turbomodule/core
  - React-Fabric/components (0.73.7):
    - DoubleConversion
    - fmt (= 9.1.0)
    - glog
    - RCT-Folly/Fabric (= 2022.05.16.00)
    - RCTRequired
    - RCTTypeSafety
    - React-Core
    - React-cxxreact
    - React-debug
    - React-Fabric/components/inputaccessory (= 0.73.7)
    - React-Fabric/components/legacyviewmanagerinterop (= 0.73.7)
    - React-Fabric/components/modal (= 0.73.7)
    - React-Fabric/components/rncore (= 0.73.7)
    - React-Fabric/components/root (= 0.73.7)
    - React-Fabric/components/safeareaview (= 0.73.7)
    - React-Fabric/components/scrollview (= 0.73.7)
    - React-Fabric/components/text (= 0.73.7)
    - React-Fabric/components/textinput (= 0.73.7)
    - React-Fabric/components/unimplementedview (= 0.73.7)
    - React-Fabric/components/view (= 0.73.7)
    - React-graphics
    - React-jsc
    - React-jsi
    - React-jsiexecutor
    - React-logger
    - React-rendererdebug
    - React-runtimescheduler
    - React-utils
    - ReactCommon/turbomodule/core
  - React-Fabric/components/inputaccessory (0.73.7):
    - DoubleConversion
    - fmt (= 9.1.0)
    - glog
    - RCT-Folly/Fabric (= 2022.05.16.00)
    - RCTRequired
    - RCTTypeSafety
    - React-Core
    - React-cxxreact
    - React-debug
    - React-graphics
    - React-jsc
    - React-jsi
    - React-jsiexecutor
    - React-logger
    - React-rendererdebug
    - React-runtimescheduler
    - React-utils
    - ReactCommon/turbomodule/core
  - React-Fabric/components/legacyviewmanagerinterop (0.73.7):
    - DoubleConversion
    - fmt (= 9.1.0)
    - glog
    - RCT-Folly/Fabric (= 2022.05.16.00)
    - RCTRequired
    - RCTTypeSafety
    - React-Core
    - React-cxxreact
    - React-debug
    - React-graphics
    - React-jsc
    - React-jsi
    - React-jsiexecutor
    - React-logger
    - React-rendererdebug
    - React-runtimescheduler
    - React-utils
    - ReactCommon/turbomodule/core
  - React-Fabric/components/modal (0.73.7):
    - DoubleConversion
    - fmt (= 9.1.0)
    - glog
    - RCT-Folly/Fabric (= 2022.05.16.00)
    - RCTRequired
    - RCTTypeSafety
    - React-Core
    - React-cxxreact
    - React-debug
    - React-graphics
    - React-jsc
    - React-jsi
    - React-jsiexecutor
    - React-logger
    - React-rendererdebug
    - React-runtimescheduler
    - React-utils
    - ReactCommon/turbomodule/core
  - React-Fabric/components/rncore (0.73.7):
    - DoubleConversion
    - fmt (= 9.1.0)
    - glog
    - RCT-Folly/Fabric (= 2022.05.16.00)
    - RCTRequired
    - RCTTypeSafety
    - React-Core
    - React-cxxreact
    - React-debug
    - React-graphics
    - React-jsc
    - React-jsi
    - React-jsiexecutor
    - React-logger
    - React-rendererdebug
    - React-runtimescheduler
    - React-utils
    - ReactCommon/turbomodule/core
  - React-Fabric/components/root (0.73.7):
    - DoubleConversion
    - fmt (= 9.1.0)
    - glog
    - RCT-Folly/Fabric (= 2022.05.16.00)
    - RCTRequired
    - RCTTypeSafety
    - React-Core
    - React-cxxreact
    - React-debug
    - React-graphics
    - React-jsc
    - React-jsi
    - React-jsiexecutor
    - React-logger
    - React-rendererdebug
    - React-runtimescheduler
    - React-utils
    - ReactCommon/turbomodule/core
  - React-Fabric/components/safeareaview (0.73.7):
    - DoubleConversion
    - fmt (= 9.1.0)
    - glog
    - RCT-Folly/Fabric (= 2022.05.16.00)
    - RCTRequired
    - RCTTypeSafety
    - React-Core
    - React-cxxreact
    - React-debug
    - React-graphics
    - React-jsc
    - React-jsi
    - React-jsiexecutor
    - React-logger
    - React-rendererdebug
    - React-runtimescheduler
    - React-utils
    - ReactCommon/turbomodule/core
  - React-Fabric/components/scrollview (0.73.7):
    - DoubleConversion
    - fmt (= 9.1.0)
    - glog
    - RCT-Folly/Fabric (= 2022.05.16.00)
    - RCTRequired
    - RCTTypeSafety
    - React-Core
    - React-cxxreact
    - React-debug
    - React-graphics
    - React-jsc
    - React-jsi
    - React-jsiexecutor
    - React-logger
    - React-rendererdebug
    - React-runtimescheduler
    - React-utils
    - ReactCommon/turbomodule/core
  - React-Fabric/components/text (0.73.7):
    - DoubleConversion
    - fmt (= 9.1.0)
    - glog
    - RCT-Folly/Fabric (= 2022.05.16.00)
    - RCTRequired
    - RCTTypeSafety
    - React-Core
    - React-cxxreact
    - React-debug
    - React-graphics
    - React-jsc
    - React-jsi
    - React-jsiexecutor
    - React-logger
    - React-rendererdebug
    - React-runtimescheduler
    - React-utils
    - ReactCommon/turbomodule/core
  - React-Fabric/components/textinput (0.73.7):
    - DoubleConversion
    - fmt (= 9.1.0)
    - glog
    - RCT-Folly/Fabric (= 2022.05.16.00)
    - RCTRequired
    - RCTTypeSafety
    - React-Core
    - React-cxxreact
    - React-debug
    - React-graphics
    - React-jsc
    - React-jsi
    - React-jsiexecutor
    - React-logger
    - React-rendererdebug
    - React-runtimescheduler
    - React-utils
    - ReactCommon/turbomodule/core
  - React-Fabric/components/unimplementedview (0.73.7):
    - DoubleConversion
    - fmt (= 9.1.0)
    - glog
    - RCT-Folly/Fabric (= 2022.05.16.00)
    - RCTRequired
    - RCTTypeSafety
    - React-Core
    - React-cxxreact
    - React-debug
    - React-graphics
    - React-jsc
    - React-jsi
    - React-jsiexecutor
    - React-logger
    - React-rendererdebug
    - React-runtimescheduler
    - React-utils
    - ReactCommon/turbomodule/core
  - React-Fabric/components/view (0.73.7):
    - DoubleConversion
    - fmt (= 9.1.0)
    - glog
    - RCT-Folly/Fabric (= 2022.05.16.00)
    - RCTRequired
    - RCTTypeSafety
    - React-Core
    - React-cxxreact
    - React-debug
    - React-graphics
    - React-jsc
    - React-jsi
    - React-jsiexecutor
    - React-logger
    - React-rendererdebug
    - React-runtimescheduler
    - React-utils
    - ReactCommon/turbomodule/core
    - Yoga
  - React-Fabric/core (0.73.7):
    - DoubleConversion
    - fmt (= 9.1.0)
    - glog
    - RCT-Folly/Fabric (= 2022.05.16.00)
    - RCTRequired
    - RCTTypeSafety
    - React-Core
    - React-cxxreact
    - React-debug
    - React-graphics
    - React-jsc
    - React-jsi
    - React-jsiexecutor
    - React-logger
    - React-rendererdebug
    - React-runtimescheduler
    - React-utils
    - ReactCommon/turbomodule/core
  - React-Fabric/imagemanager (0.73.7):
    - DoubleConversion
    - fmt (= 9.1.0)
    - glog
    - RCT-Folly/Fabric (= 2022.05.16.00)
    - RCTRequired
    - RCTTypeSafety
    - React-Core
    - React-cxxreact
    - React-debug
    - React-graphics
    - React-jsc
    - React-jsi
    - React-jsiexecutor
    - React-logger
    - React-rendererdebug
    - React-runtimescheduler
    - React-utils
    - ReactCommon/turbomodule/core
  - React-Fabric/leakchecker (0.73.7):
    - DoubleConversion
    - fmt (= 9.1.0)
    - glog
    - RCT-Folly/Fabric (= 2022.05.16.00)
    - RCTRequired
    - RCTTypeSafety
    - React-Core
    - React-cxxreact
    - React-debug
    - React-graphics
    - React-jsc
    - React-jsi
    - React-jsiexecutor
    - React-logger
    - React-rendererdebug
    - React-runtimescheduler
    - React-utils
    - ReactCommon/turbomodule/core
  - React-Fabric/mounting (0.73.7):
    - DoubleConversion
    - fmt (= 9.1.0)
    - glog
    - RCT-Folly/Fabric (= 2022.05.16.00)
    - RCTRequired
    - RCTTypeSafety
    - React-Core
    - React-cxxreact
    - React-debug
    - React-graphics
    - React-jsc
    - React-jsi
    - React-jsiexecutor
    - React-logger
    - React-rendererdebug
    - React-runtimescheduler
    - React-utils
    - ReactCommon/turbomodule/core
  - React-Fabric/scheduler (0.73.7):
    - DoubleConversion
    - fmt (= 9.1.0)
    - glog
    - RCT-Folly/Fabric (= 2022.05.16.00)
    - RCTRequired
    - RCTTypeSafety
    - React-Core
    - React-cxxreact
    - React-debug
    - React-graphics
    - React-jsc
    - React-jsi
    - React-jsiexecutor
    - React-logger
    - React-rendererdebug
    - React-runtimescheduler
    - React-utils
    - ReactCommon/turbomodule/core
  - React-Fabric/telemetry (0.73.7):
    - DoubleConversion
    - fmt (= 9.1.0)
    - glog
    - RCT-Folly/Fabric (= 2022.05.16.00)
    - RCTRequired
    - RCTTypeSafety
    - React-Core
    - React-cxxreact
    - React-debug
    - React-graphics
    - React-jsc
    - React-jsi
    - React-jsiexecutor
    - React-logger
    - React-rendererdebug
    - React-runtimescheduler
    - React-utils
    - ReactCommon/turbomodule/core
  - React-Fabric/templateprocessor (0.73.7):
    - DoubleConversion
    - fmt (= 9.1.0)
    - glog
    - RCT-Folly/Fabric (= 2022.05.16.00)
    - RCTRequired
    - RCTTypeSafety
    - React-Core
    - React-cxxreact
    - React-debug
    - React-graphics
    - React-jsc
    - React-jsi
    - React-jsiexecutor
    - React-logger
    - React-rendererdebug
    - React-runtimescheduler
    - React-utils
    - ReactCommon/turbomodule/core
  - React-Fabric/textlayoutmanager (0.73.7):
    - DoubleConversion
    - fmt (= 9.1.0)
    - glog
    - RCT-Folly/Fabric (= 2022.05.16.00)
    - RCTRequired
    - RCTTypeSafety
    - React-Core
    - React-cxxreact
    - React-debug
    - React-Fabric/uimanager
    - React-graphics
    - React-jsc
    - React-jsi
    - React-jsiexecutor
    - React-logger
    - React-rendererdebug
    - React-runtimescheduler
    - React-utils
    - ReactCommon/turbomodule/core
  - React-Fabric/uimanager (0.73.7):
    - DoubleConversion
    - fmt (= 9.1.0)
    - glog
    - RCT-Folly/Fabric (= 2022.05.16.00)
    - RCTRequired
    - RCTTypeSafety
    - React-Core
    - React-cxxreact
    - React-debug
    - React-graphics
    - React-jsc
    - React-jsi
    - React-jsiexecutor
    - React-logger
    - React-rendererdebug
    - React-runtimescheduler
    - React-utils
    - ReactCommon/turbomodule/core
  - React-FabricImage (0.73.7):
    - DoubleConversion
    - fmt (= 9.1.0)
    - glog
    - RCT-Folly/Fabric (= 2022.05.16.00)
    - RCTRequired (= 0.73.7)
    - RCTTypeSafety (= 0.73.7)
    - React-Fabric
    - React-graphics
    - React-ImageManager
    - React-jsc
    - React-jsi
    - React-jsiexecutor (= 0.73.7)
    - React-logger
    - React-rendererdebug
    - React-utils
    - ReactCommon
    - Yoga
  - React-graphics (0.73.7):
    - glog
    - RCT-Folly/Fabric (= 2022.05.16.00)
    - React-Core/Default (= 0.73.7)
    - React-utils
  - React-ImageManager (0.73.7):
    - glog
    - RCT-Folly/Fabric
    - React-Core/Default
    - React-debug
    - React-Fabric
    - React-graphics
    - React-rendererdebug
    - React-utils
  - React-jsc (0.73.7):
    - React-jsc/Fabric (= 0.73.7)
    - React-jsi (= 0.73.7)
  - React-jsc/Fabric (0.73.7):
    - React-jsi (= 0.73.7)
  - React-jserrorhandler (0.73.7):
    - RCT-Folly/Fabric (= 2022.05.16.00)
    - React-debug
    - React-jsi
    - React-Mapbuffer
  - React-jsi (0.73.7):
    - boost (= 1.83.0)
    - DoubleConversion
    - fmt (= 9.1.0)
    - glog
    - RCT-Folly (= 2022.05.16.00)
  - React-jsiexecutor (0.73.7):
    - DoubleConversion
    - fmt (= 9.1.0)
    - glog
    - RCT-Folly (= 2022.05.16.00)
    - React-cxxreact (= 0.73.7)
    - React-jsi (= 0.73.7)
    - React-perflogger (= 0.73.7)
  - React-jsinspector (0.73.7)
  - React-logger (0.73.7):
    - glog
  - React-Mapbuffer (0.73.7):
    - glog
    - React-debug
  - React-nativeconfig (0.73.7)
  - React-NativeModulesApple (0.73.7):
    - glog
    - React-callinvoker
    - React-Core
    - React-cxxreact
    - React-jsc
    - React-jsi
    - React-runtimeexecutor
    - ReactCommon/turbomodule/bridging
    - ReactCommon/turbomodule/core
  - React-perflogger (0.73.7)
  - React-RCTActionSheet (0.73.7):
    - React-Core/RCTActionSheetHeaders (= 0.73.7)
  - React-RCTAnimation (0.73.7):
    - RCT-Folly (= 2022.05.16.00)
    - RCTTypeSafety
    - React-Codegen
    - React-Core/RCTAnimationHeaders
    - React-jsi
    - React-NativeModulesApple
    - ReactCommon
  - React-RCTAppDelegate (0.73.7):
    - RCT-Folly
    - RCTRequired
    - RCTTypeSafety
    - React-Core
    - React-CoreModules
    - React-jsc
    - React-nativeconfig
    - React-NativeModulesApple
    - React-RCTFabric
    - React-RCTImage
    - React-RCTNetwork
    - React-runtimescheduler
    - ReactCommon
  - React-RCTBlob (0.73.7):
    - RCT-Folly (= 2022.05.16.00)
    - React-Codegen
    - React-Core/RCTBlobHeaders
    - React-Core/RCTWebSocket
    - React-jsi
    - React-NativeModulesApple
    - React-RCTNetwork
    - ReactCommon
  - React-RCTFabric (0.73.7):
    - glog
    - RCT-Folly/Fabric (= 2022.05.16.00)
    - React-Core
    - React-debug
    - React-Fabric
    - React-FabricImage
    - React-graphics
    - React-ImageManager
    - React-jsc
    - React-jsi
    - React-nativeconfig
    - React-RCTImage
    - React-RCTText
    - React-rendererdebug
    - React-runtimescheduler
    - React-utils
    - Yoga
  - React-RCTImage (0.73.7):
    - RCT-Folly (= 2022.05.16.00)
    - RCTTypeSafety
    - React-Codegen
    - React-Core/RCTImageHeaders
    - React-jsi
    - React-NativeModulesApple
    - React-RCTNetwork
    - ReactCommon
  - React-RCTLinking (0.73.7):
    - React-Codegen
    - React-Core/RCTLinkingHeaders (= 0.73.7)
    - React-jsi (= 0.73.7)
    - React-NativeModulesApple
    - ReactCommon
    - ReactCommon/turbomodule/core (= 0.73.7)
  - React-RCTNetwork (0.73.7):
    - RCT-Folly (= 2022.05.16.00)
    - RCTTypeSafety
    - React-Codegen
    - React-Core/RCTNetworkHeaders
    - React-jsi
    - React-NativeModulesApple
    - ReactCommon
  - React-RCTSettings (0.73.7):
    - RCT-Folly (= 2022.05.16.00)
    - RCTTypeSafety
    - React-Codegen
    - React-Core/RCTSettingsHeaders
    - React-jsi
    - React-NativeModulesApple
    - ReactCommon
  - React-RCTSwiftExtensions (0.73.7):
    - React-Core
    - React-RCTWindowManager
    - React-RCTXR
  - React-RCTText (0.73.7):
    - React-Core/RCTTextHeaders (= 0.73.7)
    - Yoga
  - React-RCTVibration (0.73.7):
    - RCT-Folly (= 2022.05.16.00)
    - React-Codegen
    - React-Core/RCTVibrationHeaders
    - React-jsi
    - React-NativeModulesApple
    - ReactCommon
  - React-RCTWindowManager (0.73.7):
    - RCT-Folly (= 2022.05.16.00)
    - RCTTypeSafety
    - React-Codegen
    - React-Core/RCTWindowManagerHeaders
    - React-jsi
    - React-NativeModulesApple
    - ReactCommon
  - React-RCTXR (0.73.7):
    - RCT-Folly (= 2022.05.16.00)
    - RCTTypeSafety
    - React-Codegen
    - React-Core/RCTXRHeaders
    - React-jsi
    - React-NativeModulesApple
    - ReactCommon
  - React-rendererdebug (0.73.7):
    - DoubleConversion
    - fmt (= 9.1.0)
    - RCT-Folly (= 2022.05.16.00)
    - React-debug
  - React-rncore (0.73.7)
  - React-runtimeexecutor (0.73.7):
    - React-jsi (= 0.73.7)
  - React-runtimescheduler (0.73.7):
    - glog
    - RCT-Folly (= 2022.05.16.00)
    - React-callinvoker
    - React-cxxreact
    - React-debug
    - React-jsc
    - React-jsi
    - React-rendererdebug
    - React-runtimeexecutor
    - React-utils
  - React-utils (0.73.7):
    - glog
    - RCT-Folly (= 2022.05.16.00)
    - React-debug
  - ReactCommon (0.73.7):
    - React-logger (= 0.73.7)
    - ReactCommon/turbomodule (= 0.73.7)
  - ReactCommon/turbomodule (0.73.7):
    - DoubleConversion
    - fmt (= 9.1.0)
    - glog
    - RCT-Folly (= 2022.05.16.00)
    - React-callinvoker (= 0.73.7)
    - React-cxxreact (= 0.73.7)
    - React-jsi (= 0.73.7)
    - React-logger (= 0.73.7)
    - React-perflogger (= 0.73.7)
    - ReactCommon/turbomodule/bridging (= 0.73.7)
    - ReactCommon/turbomodule/core (= 0.73.7)
  - ReactCommon/turbomodule/bridging (0.73.7):
    - DoubleConversion
    - fmt (= 9.1.0)
    - glog
    - RCT-Folly (= 2022.05.16.00)
    - React-callinvoker (= 0.73.7)
    - React-cxxreact (= 0.73.7)
    - React-jsi (= 0.73.7)
    - React-logger (= 0.73.7)
    - React-perflogger (= 0.73.7)
  - ReactCommon/turbomodule/core (0.73.7):
    - DoubleConversion
    - fmt (= 9.1.0)
    - glog
    - RCT-Folly (= 2022.05.16.00)
    - React-callinvoker (= 0.73.7)
    - React-cxxreact (= 0.73.7)
    - React-jsi (= 0.73.7)
    - React-logger (= 0.73.7)
    - React-perflogger (= 0.73.7)
  - ReactNativeHost (0.4.4):
    - React-Core
    - React-cxxreact
    - ReactCommon/turbomodule/core
  - ReactTestApp-DevSupport (0.0.1-dev):
    - React-Core
    - React-jsi
  - ReactTestApp-Resources (1.0.0-dev)
  - RNWWebStorage (0.2.2):
    - glog
    - RCT-Folly (= 2022.05.16.00)
    - React-Core
  - SocketRocket (0.7.0.1)
  - Yoga (1.14.0)

DEPENDENCIES:
  - "boost (from `../node_modules/@callstack/react-native-visionos/third-party-podspecs/boost.podspec`)"
  - "DoubleConversion (from `../node_modules/@callstack/react-native-visionos/third-party-podspecs/DoubleConversion.podspec`)"
  - Example-Tests (from `..`)
  - "FBLazyVector (from `../node_modules/@callstack/react-native-visionos/Libraries/FBLazyVector`)"
  - "FBReactNativeSpec (from `../node_modules/@callstack/react-native-visionos/React/FBReactNativeSpec`)"
  - "fmt (from `../node_modules/@callstack/react-native-visionos/third-party-podspecs/fmt.podspec`)"
  - "glog (from `../node_modules/@callstack/react-native-visionos/third-party-podspecs/glog.podspec`)"
  - "libevent (from `../node_modules/@callstack/react-native-visionos/third-party-podspecs/libevent.podspec`)"
  - "RCT-Folly (from `../node_modules/@callstack/react-native-visionos/third-party-podspecs/RCT-Folly.podspec`)"
  - "RCT-Folly/Fabric (from `../node_modules/@callstack/react-native-visionos/third-party-podspecs/RCT-Folly.podspec`)"
  - "RCTRequired (from `../node_modules/@callstack/react-native-visionos/Libraries/RCTRequired`)"
  - "RCTTypeSafety (from `../node_modules/@callstack/react-native-visionos/Libraries/TypeSafety`)"
  - "React (from `../node_modules/@callstack/react-native-visionos/`)"
  - "React-callinvoker (from `../node_modules/@callstack/react-native-visionos/ReactCommon/callinvoker`)"
  - React-Codegen (from `build/generated/ios`)
  - "React-Core (from `../node_modules/@callstack/react-native-visionos/`)"
  - "React-Core/RCTWebSocket (from `../node_modules/@callstack/react-native-visionos/`)"
  - "React-CoreModules (from `../node_modules/@callstack/react-native-visionos/React/CoreModules`)"
  - "React-cxxreact (from `../node_modules/@callstack/react-native-visionos/ReactCommon/cxxreact`)"
  - "React-debug (from `../node_modules/@callstack/react-native-visionos/ReactCommon/react/debug`)"
  - "React-Fabric (from `../node_modules/@callstack/react-native-visionos/ReactCommon`)"
  - "React-FabricImage (from `../node_modules/@callstack/react-native-visionos/ReactCommon`)"
  - "React-graphics (from `../node_modules/@callstack/react-native-visionos/ReactCommon/react/renderer/graphics`)"
  - "React-ImageManager (from `../node_modules/@callstack/react-native-visionos/ReactCommon/react/renderer/imagemanager/platform/ios`)"
  - "React-jsc (from `../node_modules/@callstack/react-native-visionos/ReactCommon/jsc`)"
  - "React-jserrorhandler (from `../node_modules/@callstack/react-native-visionos/ReactCommon/jserrorhandler`)"
  - "React-jsi (from `../node_modules/@callstack/react-native-visionos/ReactCommon/jsi`)"
  - "React-jsiexecutor (from `../node_modules/@callstack/react-native-visionos/ReactCommon/jsiexecutor`)"
  - "React-jsinspector (from `../node_modules/@callstack/react-native-visionos/ReactCommon/jsinspector-modern`)"
  - "React-logger (from `../node_modules/@callstack/react-native-visionos/ReactCommon/logger`)"
  - "React-Mapbuffer (from `../node_modules/@callstack/react-native-visionos/ReactCommon`)"
  - "React-nativeconfig (from `../node_modules/@callstack/react-native-visionos/ReactCommon`)"
  - "React-NativeModulesApple (from `../node_modules/@callstack/react-native-visionos/ReactCommon/react/nativemodule/core/platform/ios`)"
  - "React-perflogger (from `../node_modules/@callstack/react-native-visionos/ReactCommon/reactperflogger`)"
  - "React-RCTActionSheet (from `../node_modules/@callstack/react-native-visionos/Libraries/ActionSheetIOS`)"
  - "React-RCTAnimation (from `../node_modules/@callstack/react-native-visionos/Libraries/NativeAnimation`)"
  - "React-RCTAppDelegate (from `../node_modules/@callstack/react-native-visionos/Libraries/AppDelegate`)"
  - "React-RCTBlob (from `../node_modules/@callstack/react-native-visionos/Libraries/Blob`)"
  - "React-RCTFabric (from `../node_modules/@callstack/react-native-visionos/React`)"
  - "React-RCTImage (from `../node_modules/@callstack/react-native-visionos/Libraries/Image`)"
  - "React-RCTLinking (from `../node_modules/@callstack/react-native-visionos/Libraries/LinkingIOS`)"
  - "React-RCTNetwork (from `../node_modules/@callstack/react-native-visionos/Libraries/Network`)"
  - "React-RCTSettings (from `../node_modules/@callstack/react-native-visionos/Libraries/Settings`)"
  - "React-RCTSwiftExtensions (from `../node_modules/@callstack/react-native-visionos/Libraries/SwiftExtensions`)"
  - "React-RCTText (from `../node_modules/@callstack/react-native-visionos/Libraries/Text`)"
  - "React-RCTVibration (from `../node_modules/@callstack/react-native-visionos/Libraries/Vibration`)"
  - "React-RCTWindowManager (from `../node_modules/@callstack/react-native-visionos/Libraries/WindowManager`)"
  - "React-RCTXR (from `../node_modules/@callstack/react-native-visionos/Libraries/XR`)"
  - "React-rendererdebug (from `../node_modules/@callstack/react-native-visionos/ReactCommon/react/renderer/debug`)"
  - "React-rncore (from `../node_modules/@callstack/react-native-visionos/ReactCommon`)"
  - "React-runtimeexecutor (from `../node_modules/@callstack/react-native-visionos/ReactCommon/runtimeexecutor`)"
  - "React-runtimescheduler (from `../node_modules/@callstack/react-native-visionos/ReactCommon/react/renderer/runtimescheduler`)"
  - "React-utils (from `../node_modules/@callstack/react-native-visionos/ReactCommon/react/utils`)"
  - "ReactCommon/turbomodule/core (from `../node_modules/@callstack/react-native-visionos/ReactCommon`)"
  - "ReactNativeHost (from `../../node_modules/@rnx-kit/react-native-host`)"
  - ReactTestApp-DevSupport (from `../node_modules/react-native-test-app`)
  - ReactTestApp-Resources (from `..`)
  - "RNWWebStorage (from `../../node_modules/@react-native-webapis/web-storage`)"
  - "SocketRocket (from `../node_modules/@callstack/react-native-visionos/third-party-podspecs/SocketRocket.podspec`)"
  - "Yoga (from `../node_modules/@callstack/react-native-visionos/ReactCommon/yoga`)"

EXTERNAL SOURCES:
  boost:
    :podspec: "../node_modules/@callstack/react-native-visionos/third-party-podspecs/boost.podspec"
  DoubleConversion:
    :podspec: "../node_modules/@callstack/react-native-visionos/third-party-podspecs/DoubleConversion.podspec"
  Example-Tests:
    :path: ".."
  FBLazyVector:
    :path: "../node_modules/@callstack/react-native-visionos/Libraries/FBLazyVector"
  FBReactNativeSpec:
    :path: "../node_modules/@callstack/react-native-visionos/React/FBReactNativeSpec"
  fmt:
    :podspec: "../node_modules/@callstack/react-native-visionos/third-party-podspecs/fmt.podspec"
  glog:
    :podspec: "../node_modules/@callstack/react-native-visionos/third-party-podspecs/glog.podspec"
  libevent:
    :podspec: "../node_modules/@callstack/react-native-visionos/third-party-podspecs/libevent.podspec"
  RCT-Folly:
    :podspec: "../node_modules/@callstack/react-native-visionos/third-party-podspecs/RCT-Folly.podspec"
  RCTRequired:
    :path: "../node_modules/@callstack/react-native-visionos/Libraries/RCTRequired"
  RCTTypeSafety:
    :path: "../node_modules/@callstack/react-native-visionos/Libraries/TypeSafety"
  React:
    :path: "../node_modules/@callstack/react-native-visionos/"
  React-callinvoker:
    :path: "../node_modules/@callstack/react-native-visionos/ReactCommon/callinvoker"
  React-Codegen:
    :path: build/generated/ios
  React-Core:
    :path: "../node_modules/@callstack/react-native-visionos/"
  React-CoreModules:
    :path: "../node_modules/@callstack/react-native-visionos/React/CoreModules"
  React-cxxreact:
    :path: "../node_modules/@callstack/react-native-visionos/ReactCommon/cxxreact"
  React-debug:
    :path: "../node_modules/@callstack/react-native-visionos/ReactCommon/react/debug"
  React-Fabric:
    :path: "../node_modules/@callstack/react-native-visionos/ReactCommon"
  React-FabricImage:
    :path: "../node_modules/@callstack/react-native-visionos/ReactCommon"
  React-graphics:
    :path: "../node_modules/@callstack/react-native-visionos/ReactCommon/react/renderer/graphics"
  React-ImageManager:
    :path: "../node_modules/@callstack/react-native-visionos/ReactCommon/react/renderer/imagemanager/platform/ios"
  React-jsc:
    :path: "../node_modules/@callstack/react-native-visionos/ReactCommon/jsc"
  React-jserrorhandler:
    :path: "../node_modules/@callstack/react-native-visionos/ReactCommon/jserrorhandler"
  React-jsi:
    :path: "../node_modules/@callstack/react-native-visionos/ReactCommon/jsi"
  React-jsiexecutor:
    :path: "../node_modules/@callstack/react-native-visionos/ReactCommon/jsiexecutor"
  React-jsinspector:
    :path: "../node_modules/@callstack/react-native-visionos/ReactCommon/jsinspector-modern"
  React-logger:
    :path: "../node_modules/@callstack/react-native-visionos/ReactCommon/logger"
  React-Mapbuffer:
    :path: "../node_modules/@callstack/react-native-visionos/ReactCommon"
  React-nativeconfig:
    :path: "../node_modules/@callstack/react-native-visionos/ReactCommon"
  React-NativeModulesApple:
    :path: "../node_modules/@callstack/react-native-visionos/ReactCommon/react/nativemodule/core/platform/ios"
  React-perflogger:
    :path: "../node_modules/@callstack/react-native-visionos/ReactCommon/reactperflogger"
  React-RCTActionSheet:
    :path: "../node_modules/@callstack/react-native-visionos/Libraries/ActionSheetIOS"
  React-RCTAnimation:
    :path: "../node_modules/@callstack/react-native-visionos/Libraries/NativeAnimation"
  React-RCTAppDelegate:
    :path: "../node_modules/@callstack/react-native-visionos/Libraries/AppDelegate"
  React-RCTBlob:
    :path: "../node_modules/@callstack/react-native-visionos/Libraries/Blob"
  React-RCTFabric:
    :path: "../node_modules/@callstack/react-native-visionos/React"
  React-RCTImage:
    :path: "../node_modules/@callstack/react-native-visionos/Libraries/Image"
  React-RCTLinking:
    :path: "../node_modules/@callstack/react-native-visionos/Libraries/LinkingIOS"
  React-RCTNetwork:
    :path: "../node_modules/@callstack/react-native-visionos/Libraries/Network"
  React-RCTSettings:
    :path: "../node_modules/@callstack/react-native-visionos/Libraries/Settings"
  React-RCTSwiftExtensions:
    :path: "../node_modules/@callstack/react-native-visionos/Libraries/SwiftExtensions"
  React-RCTText:
    :path: "../node_modules/@callstack/react-native-visionos/Libraries/Text"
  React-RCTVibration:
    :path: "../node_modules/@callstack/react-native-visionos/Libraries/Vibration"
  React-RCTWindowManager:
    :path: "../node_modules/@callstack/react-native-visionos/Libraries/WindowManager"
  React-RCTXR:
    :path: "../node_modules/@callstack/react-native-visionos/Libraries/XR"
  React-rendererdebug:
    :path: "../node_modules/@callstack/react-native-visionos/ReactCommon/react/renderer/debug"
  React-rncore:
    :path: "../node_modules/@callstack/react-native-visionos/ReactCommon"
  React-runtimeexecutor:
    :path: "../node_modules/@callstack/react-native-visionos/ReactCommon/runtimeexecutor"
  React-runtimescheduler:
    :path: "../node_modules/@callstack/react-native-visionos/ReactCommon/react/renderer/runtimescheduler"
  React-utils:
    :path: "../node_modules/@callstack/react-native-visionos/ReactCommon/react/utils"
  ReactCommon:
    :path: "../node_modules/@callstack/react-native-visionos/ReactCommon"
  ReactNativeHost:
    :path: "../../node_modules/@rnx-kit/react-native-host"
  ReactTestApp-DevSupport:
    :path: "../node_modules/react-native-test-app"
  ReactTestApp-Resources:
    :path: ".."
  RNWWebStorage:
    :path: "../../node_modules/@react-native-webapis/web-storage"
  SocketRocket:
    :podspec: "../node_modules/@callstack/react-native-visionos/third-party-podspecs/SocketRocket.podspec"
  Yoga:
    :path: "../node_modules/@callstack/react-native-visionos/ReactCommon/yoga"

SPEC CHECKSUMS:
  boost: 8f1e9b214fa11f71081fc8ecd5fad3daf221cf7f
  DoubleConversion: 71bf0761505a44e4dfddc0aa04afa049fdfb63b5
  Example-Tests: 9e95b10878936c581cbe09d784cd5eaa6ca70db8
  FBLazyVector: d6824d441ac1d34d0edf2107d0332994ab3c69e3
  FBReactNativeSpec: a4ee3e96e6c7b3eed51bff05c8012e71adbb1f0c
  fmt: 5d9ffa7ccba126c08b730252123601d514652320
  glog: 4f05d17aa39a829fee878689fc9a41af587fabba
  libevent: a29e03f67aa3a1c501656baccbff6071a8b40a00
  RCT-Folly: 08b69b8ee3f4c5baf3a18a468b4d5a56276435fa
  RCTRequired: ce960b518d49702e4432e0abbaf9d692ea4f725f
  RCTTypeSafety: 342d2dd416cabcb68a4e55dc81fa1e5d2ca0a7b2
  React: 1a1497ec6134f15715b079b36e798d8369b9a5dd
  React-callinvoker: 046715cf20233bebd6a2153f179e565a5706aeac
  React-Codegen: 2d7b3e668c02ee5ccfba33a65ac149b308936b88
  React-Core: 6e36a6d209ab9e183cb251a0a842c1c58d9e22b0
  React-CoreModules: 3b39fb2bc0674d30d089f3bb534963a4eac730b3
  React-cxxreact: 151a9846b941bfd9d30adaa934f34dd2f63e964b
  React-debug: af55f2c5ba334f971082b382ac2395177b467f09
  React-Fabric: 8cb774acb56cb17ff4fce737987f0281fbc6189f
  React-FabricImage: 94ae7878a20c419a4112117935bb66da885f83b8
  React-graphics: eff7acb654b029e6721425bb010bbaca17bdda9f
  React-ImageManager: b825f7a04b4d3c43cd67f918fdd98a1ce94bc71f
  React-jsc: 8d55ed1775b2d899357fa62ef726f67b58b546a1
  React-jserrorhandler: c07e9c3253f2a060e71370735503d97d603aa5c8
  React-jsi: e26a9967350c2da3f6f6c5dbd6e1de2deccd3764
  React-jsiexecutor: e7bc8112b8af18ff7a313fab05c5f867f1d2b036
  React-jsinspector: 0380fa1d9c857113005ae483d440938225815b4b
  React-logger: 69a59b002217b73d5e5e809c1e8626bca7e9a4fd
  React-Mapbuffer: daf728388c020723b466f76e725c33e6e67330e1
  React-nativeconfig: 1ca5aeb84b74f5ce3ea4f3fa6961cff1d92da0b0
  React-NativeModulesApple: 3173a3bf8e683d6c0a7a3a60090bfc3997151366
  React-perflogger: 8a9efd41cc9a18462c2f847bdc6986c486ae51fb
  React-RCTActionSheet: bd4f10055c382084cad6e2b91c968b835dab6cbc
  React-RCTAnimation: e5cc969eb923e2a281f829ffb0efc20c8a3329a3
  React-RCTAppDelegate: e8ca0786d9db06ff2b5a41c405d8c4f0c15b7c76
  React-RCTBlob: 347cbed932ae243a8c33dca3d987a910ee1a8b77
  React-RCTFabric: 897968adb5d6298622c1cf4ee420f184cde4e88c
  React-RCTImage: 8eff03edc5307f2afbab7934b9a45b44d9b3034b
  React-RCTLinking: 82b356facc22b57b92aa66e4d072f22f84d57a16
  React-RCTNetwork: d0d05c269d4847a97d3000fa88229bf9997cf92b
  React-RCTSettings: 7d12071add1d4d54112108c52dafb990c54d6f20
  React-RCTSwiftExtensions: 176506cd5b70a7bddeb093da2f26be3e94beb266
  React-RCTText: fb940ca0d3bf25a1a0c933370db274f5b4d64c5d
  React-RCTVibration: 9a334391fca27d1f0b5015b35862ebbd8c0cde1c
  React-RCTWindowManager: 97d40d9f1932a1f6d756403c8c429dc44e0bfbf4
  React-RCTXR: 371693927d83894454f6d737189844376bb75aea
  React-rendererdebug: 564aa45023a2070e079963dd29ab63e89525998b
  React-rncore: 1e928d95ee04e1107b4cf3939a9b928c15e9ba6f
  React-runtimeexecutor: 0368ff1c0d844ac6478e7e7fc7ce127b9b832653
  React-runtimescheduler: 770d4d6a77c7445d826264ec53b9d3d9883be421
  React-utils: 8067608526c1a61546761c1b7677672f216e1607
  ReactCommon: 0dbf32c98cf01a83e5b4d2c0dd91712a7d666903
  ReactNativeHost: 59d4565eee4fb44efb46d3bff7adbaf2cf29fa5f
  ReactTestApp-DevSupport: c4abadbb90a8a9903400407e9857c2a2ef0343fb
  ReactTestApp-Resources: 2ad57492ef72ab9b2c6f6e89ea198cc1999ca20b
  RNWWebStorage: 1b0a56ca5a3994c88a46f69e26374787f0b0bf87
  SocketRocket: 0ba3e799f983d2dfa878777017659ef6c866e5c6
  Yoga: b8e0a1a7ae3db4e2a966a0cfb009761cdad62914

PODFILE CHECKSUM: 31730799a52e7effc15f5554ac6840be5c4cce9e

COCOAPODS: 1.14.3
