<?xml version="1.0" encoding="utf-8"?>
<Project ToolsVersion="4.0" xmlns="http://schemas.microsoft.com/developer/msbuild/2003">
  <ItemGroup>
    <ApplicationDefinition Include="$(ReactAppUniversalDir)\App.xaml" />
  </ItemGroup>
  <ItemGroup>
    <Page Include="$(ReactAppUniversalDir)\MainPage.xaml" />
  </ItemGroup>
  <ItemGroup>
    <Midl Include="$(ReactAppUniversalDir)\App.idl" />
    <Midl Include="$(ReactAppUniversalDir)\MainPage.idl" />
  </ItemGroup>
  <ItemGroup>
    <ClCompile Include="$(ReactAppUniversalDir)\pch.cpp" />
    <ClCompile Include="$(ReactAppUniversalDir)\App.cpp" />
    <ClCompile Include="$(ReactAppCommonDir)\AppRegistry.cpp" />
    <ClCompile Include="$(ProjectDir)\AutolinkedNativeModules.g.cpp" />
    <ClCompile Include="$(ReactAppUniversalDir)\MainPage.cpp" />
    <ClCompile Include="$(ReactAppSharedDir)\ReactInstance.cpp" />
    <ClCompile Include="$(GeneratedFilesDir)\module.g.cpp" />
  </ItemGroup>
  <ItemGroup>
    <ClInclude Include="$(ReactAppUniversalDir)\pch.h" />
    <ClInclude Include="$(ReactAppUniversalDir)\App.h" />
    <ClInclude Include="$(ReactAppCommonDir)\AppRegistry.h" />
    <ClInclude Include="$(ReactAppUniversalDir)\AutolinkedNativeModules.g.h" />
    <ClInclude Include="$(ReactAppSharedDir)\JSValueWriterHelper.h" />
    <ClInclude Include="$(ReactAppUniversalDir)\MainPage.h" />
    <ClInclude Include="$(ReactAppSharedDir)\Manifest.h" />
    <ClInclude Include="$(ReactAppSharedDir)\ReactInstance.h" />
    <ClInclude Include="$(ReactAppSharedDir)\Session.h" />
  </ItemGroup>
  <ItemGroup>
    <Image Include="Assets\SplashScreen.scale-200.png">
      <Filter>Assets</Filter>
    </Image>
    <Image Include="Assets\Square150x150Logo.scale-200.png">
      <Filter>Assets</Filter>
    </Image>
    <Image Include="Assets\Square44x44Logo.scale-200.png">
      <Filter>Assets</Filter>
    </Image>
    <Image Include="Assets\Square44x44Logo.targetsize-24_altform-unplated.png">
      <Filter>Assets</Filter>
    </Image>
    <Image Include="Assets\StoreLogo.png">
      <Filter>Assets</Filter>
    </Image>
    <Image Include="Assets\Wide310x150Logo.scale-200.png">
      <Filter>Assets</Filter>
    </Image>
    <!-- ReactTestApp asset item filters -->
  </ItemGroup>
  <ItemGroup>
    <AppxManifest Include="$(ProjectRootDir)\$(ReactTestAppPackageManifest)" />
    <AppxManifest Include="$(ReactAppUniversalDir)\Package.appxmanifest" />
  </ItemGroup>
  <ItemGroup>
    <Filter Include="Assets">
      <UniqueIdentifier>{e48dc53e-40b1-40cb-970a-f89935452892}</UniqueIdentifier>
    </Filter>
    <!-- ReactTestApp asset filters -->
  </ItemGroup>
  <ItemGroup>
    <None Include="$(ProjectRootDir)\app.json" />
    <None Include="PropertySheet.props" />
    <None Include="packages.config" />
  </ItemGroup>
</Project>
