<?xml version="1.0" encoding="utf-8"?>
<Project ToolsVersion="4.0" xmlns="http://schemas.microsoft.com/developer/msbuild/2003">
    <ItemGroup>
        <ApplicationDefinition Include="$(SourceFilesPath)\App.xaml" />
    </ItemGroup>
    <ItemGroup>
        <Page Include="$(SourceFilesPath)\MainPage.xaml" />
    </ItemGroup>
    <ItemGroup>
        <Midl Include="$(SourceFilesPath)\App.idl" />
        <Midl Include="$(SourceFilesPath)\MainPage.idl" />
    </ItemGroup>
    <ItemGroup>
        <ClCompile Include="$(SourceFilesPath)\pch.cpp" />
        <ClCompile Include="$(SourceFilesPath)\App.cpp" />
        <ClCompile Include="$(SourceFilesPath)\MainPage.cpp" />
        <ClCompile Include="$(GeneratedFilesDir)module.g.cpp" />
        <ClCompile Include="$(SourceFilesPath)\Manifest.cpp" />
        <ClCompile Include="$(SourceFilesPath)\ReactInstance.cpp" />
    </ItemGroup>
    <ItemGroup>
        <ClInclude Include="$(SourceFilesPath)\pch.h" />
        <ClInclude Include="$(SourceFilesPath)\Manifest.h" />
        <ClInclude Include="$(SourceFilesPath)\ReactInstance.h" />
    </ItemGroup>
    <ItemGroup>
        <Text Include="$(ManifestRootPath)\app.json">
            <Filter>Assets</Filter>
        </Text>
    </ItemGroup>
    <ItemGroup>
        <AppxManifest Include="$(SourceFilesPath)\Package.appxmanifest" />
    </ItemGroup>
    <ItemGroup>
        <Filter Include="Assets">
            <UniqueIdentifier>{e48dc53e-40b1-40cb-970a-f89935452892}</UniqueIdentifier>
        </Filter>
    </ItemGroup>
    <ItemGroup>
        <None Include="PropertySheet.props" />
        <None Include="packages.config" />
    </ItemGroup>
</Project>
