PODS:
  - boost (1.83.0)
  - DoubleConversion (1.1.6)
  - Example-Tests (0.0.1-dev):
    - React
    - ReactTestApp-DevSupport
  - FBLazyVector (0.73.6)
  - FBReactNativeSpec (0.73.6):
    - RCT-Folly (= 2022.05.16.00)
    - RCTRequired (= 0.73.6)
    - RCTTypeSafety (= 0.73.6)
    - React-Core (= 0.73.6)
    - React-jsi (= 0.73.6)
    - ReactCommon/turbomodule/core (= 0.73.6)
  - fmt (6.2.1)
  - glog (0.3.5)
  - RCT-Folly (2022.05.16.00):
    - boost
    - DoubleConversion
    - fmt (~> 6.2.1)
    - glog
    - RCT-Folly/Default (= 2022.05.16.00)
  - RCT-Folly/Default (2022.05.16.00):
    - boost
    - DoubleConversion
    - fmt (~> 6.2.1)
    - glog
  - RCT-Folly/Fabric (2022.05.16.00):
    - boost
    - DoubleConversion
    - fmt (~> 6.2.1)
    - glog
  - RCTRequired (0.73.6)
  - RCTTypeSafety (0.73.6):
    - FBLazyVector (= 0.73.6)
    - RCTRequired (= 0.73.6)
    - React-Core (= 0.73.6)
  - React (0.73.6):
    - React-Core (= 0.73.6)
    - React-Core/DevSupport (= 0.73.6)
    - React-Core/RCTWebSocket (= 0.73.6)
    - React-RCTActionSheet (= 0.73.6)
    - React-RCTAnimation (= 0.73.6)
    - React-RCTBlob (= 0.73.6)
    - React-RCTImage (= 0.73.6)
    - React-RCTLinking (= 0.73.6)
    - React-RCTNetwork (= 0.73.6)
    - React-RCTSettings (= 0.73.6)
    - React-RCTText (= 0.73.6)
    - React-RCTVibration (= 0.73.6)
  - React-callinvoker (0.73.6)
  - React-Codegen (0.73.6):
    - DoubleConversion
    - FBReactNativeSpec
    - glog
    - RCT-Folly
    - RCTRequired
    - RCTTypeSafety
    - React-Core
    - React-jsc
    - React-jsi
    - React-jsiexecutor
    - React-NativeModulesApple
    - React-rncore
    - ReactCommon/turbomodule/bridging
    - ReactCommon/turbomodule/core
  - React-Core (0.73.6):
    - glog
    - RCT-Folly (= 2022.05.16.00)
    - React-Core/Default (= 0.73.6)
    - React-cxxreact
    - React-jsc
    - React-jsi
    - React-jsiexecutor
    - React-perflogger
    - React-runtimescheduler
    - React-utils
    - SocketRocket (= 0.7.0)
    - Yoga
  - React-Core/CoreModulesHeaders (0.73.6):
    - glog
    - RCT-Folly (= 2022.05.16.00)
    - React-Core/Default
    - React-cxxreact
    - React-jsc
    - React-jsi
    - React-jsiexecutor
    - React-perflogger
    - React-runtimescheduler
    - React-utils
    - SocketRocket (= 0.7.0)
    - Yoga
  - React-Core/Default (0.73.6):
    - glog
    - RCT-Folly (= 2022.05.16.00)
    - React-cxxreact
    - React-jsc
    - React-jsi
    - React-jsiexecutor
    - React-perflogger
    - React-runtimescheduler
    - React-utils
    - SocketRocket (= 0.7.0)
    - Yoga
  - React-Core/DevSupport (0.73.6):
    - glog
    - RCT-Folly (= 2022.05.16.00)
    - React-Core/Default (= 0.73.6)
    - React-Core/RCTWebSocket (= 0.73.6)
    - React-cxxreact
    - React-jsc
    - React-jsi
    - React-jsiexecutor
    - React-jsinspector (= 0.73.6)
    - React-perflogger
    - React-runtimescheduler
    - React-utils
    - SocketRocket (= 0.7.0)
    - Yoga
  - React-Core/RCTActionSheetHeaders (0.73.6):
    - glog
    - RCT-Folly (= 2022.05.16.00)
    - React-Core/Default
    - React-cxxreact
    - React-jsc
    - React-jsi
    - React-jsiexecutor
    - React-perflogger
    - React-runtimescheduler
    - React-utils
    - SocketRocket (= 0.7.0)
    - Yoga
  - React-Core/RCTAnimationHeaders (0.73.6):
    - glog
    - RCT-Folly (= 2022.05.16.00)
    - React-Core/Default
    - React-cxxreact
    - React-jsc
    - React-jsi
    - React-jsiexecutor
    - React-perflogger
    - React-runtimescheduler
    - React-utils
    - SocketRocket (= 0.7.0)
    - Yoga
  - React-Core/RCTBlobHeaders (0.73.6):
    - glog
    - RCT-Folly (= 2022.05.16.00)
    - React-Core/Default
    - React-cxxreact
    - React-jsc
    - React-jsi
    - React-jsiexecutor
    - React-perflogger
    - React-runtimescheduler
    - React-utils
    - SocketRocket (= 0.7.0)
    - Yoga
  - React-Core/RCTImageHeaders (0.73.6):
    - glog
    - RCT-Folly (= 2022.05.16.00)
    - React-Core/Default
    - React-cxxreact
    - React-jsc
    - React-jsi
    - React-jsiexecutor
    - React-perflogger
    - React-runtimescheduler
    - React-utils
    - SocketRocket (= 0.7.0)
    - Yoga
  - React-Core/RCTLinkingHeaders (0.73.6):
    - glog
    - RCT-Folly (= 2022.05.16.00)
    - React-Core/Default
    - React-cxxreact
    - React-jsc
    - React-jsi
    - React-jsiexecutor
    - React-perflogger
    - React-runtimescheduler
    - React-utils
    - SocketRocket (= 0.7.0)
    - Yoga
  - React-Core/RCTNetworkHeaders (0.73.6):
    - glog
    - RCT-Folly (= 2022.05.16.00)
    - React-Core/Default
    - React-cxxreact
    - React-jsc
    - React-jsi
    - React-jsiexecutor
    - React-perflogger
    - React-runtimescheduler
    - React-utils
    - SocketRocket (= 0.7.0)
    - Yoga
  - React-Core/RCTSettingsHeaders (0.73.6):
    - glog
    - RCT-Folly (= 2022.05.16.00)
    - React-Core/Default
    - React-cxxreact
    - React-jsc
    - React-jsi
    - React-jsiexecutor
    - React-perflogger
    - React-runtimescheduler
    - React-utils
    - SocketRocket (= 0.7.0)
    - Yoga
  - React-Core/RCTTextHeaders (0.73.6):
    - glog
    - RCT-Folly (= 2022.05.16.00)
    - React-Core/Default
    - React-cxxreact
    - React-jsc
    - React-jsi
    - React-jsiexecutor
    - React-perflogger
    - React-runtimescheduler
    - React-utils
    - SocketRocket (= 0.7.0)
    - Yoga
  - React-Core/RCTVibrationHeaders (0.73.6):
    - glog
    - RCT-Folly (= 2022.05.16.00)
    - React-Core/Default
    - React-cxxreact
    - React-jsc
    - React-jsi
    - React-jsiexecutor
    - React-perflogger
    - React-runtimescheduler
    - React-utils
    - SocketRocket (= 0.7.0)
    - Yoga
  - React-Core/RCTWebSocket (0.73.6):
    - glog
    - RCT-Folly (= 2022.05.16.00)
    - React-Core/Default (= 0.73.6)
    - React-cxxreact
    - React-jsc
    - React-jsi
    - React-jsiexecutor
    - React-perflogger
    - React-runtimescheduler
    - React-utils
    - SocketRocket (= 0.7.0)
    - Yoga
  - React-CoreModules (0.73.6):
    - RCT-Folly (= 2022.05.16.00)
    - RCTTypeSafety (= 0.73.6)
    - React-Codegen
    - React-Core/CoreModulesHeaders (= 0.73.6)
    - React-jsi (= 0.73.6)
    - React-NativeModulesApple
    - React-RCTBlob
    - React-RCTImage (= 0.73.6)
    - ReactCommon
    - SocketRocket (= 0.7.0)
  - React-cxxreact (0.73.6):
    - boost (= 1.83.0)
    - DoubleConversion
    - fmt (~> 6.2.1)
    - glog
    - RCT-Folly (= 2022.05.16.00)
    - React-callinvoker (= 0.73.6)
    - React-debug (= 0.73.6)
    - React-jsi (= 0.73.6)
    - React-jsinspector (= 0.73.6)
    - React-logger (= 0.73.6)
    - React-perflogger (= 0.73.6)
    - React-runtimeexecutor (= 0.73.6)
  - React-debug (0.73.6)
  - React-Fabric (0.73.6):
    - DoubleConversion
    - fmt (~> 6.2.1)
    - glog
    - RCT-Folly/Fabric (= 2022.05.16.00)
    - RCTRequired
    - RCTTypeSafety
    - React-Core
    - React-cxxreact
    - React-debug
    - React-Fabric/animations (= 0.73.6)
    - React-Fabric/attributedstring (= 0.73.6)
    - React-Fabric/componentregistry (= 0.73.6)
    - React-Fabric/componentregistrynative (= 0.73.6)
    - React-Fabric/components (= 0.73.6)
    - React-Fabric/core (= 0.73.6)
    - React-Fabric/imagemanager (= 0.73.6)
    - React-Fabric/leakchecker (= 0.73.6)
    - React-Fabric/mounting (= 0.73.6)
    - React-Fabric/scheduler (= 0.73.6)
    - React-Fabric/telemetry (= 0.73.6)
    - React-Fabric/templateprocessor (= 0.73.6)
    - React-Fabric/textlayoutmanager (= 0.73.6)
    - React-Fabric/uimanager (= 0.73.6)
    - React-graphics
    - React-jsc
    - React-jsi
    - React-jsiexecutor
    - React-logger
    - React-rendererdebug
    - React-runtimescheduler
    - React-utils
    - ReactCommon/turbomodule/core
  - React-Fabric/animations (0.73.6):
    - DoubleConversion
    - fmt (~> 6.2.1)
    - glog
    - RCT-Folly/Fabric (= 2022.05.16.00)
    - RCTRequired
    - RCTTypeSafety
    - React-Core
    - React-cxxreact
    - React-debug
    - React-graphics
    - React-jsc
    - React-jsi
    - React-jsiexecutor
    - React-logger
    - React-rendererdebug
    - React-runtimescheduler
    - React-utils
    - ReactCommon/turbomodule/core
  - React-Fabric/attributedstring (0.73.6):
    - DoubleConversion
    - fmt (~> 6.2.1)
    - glog
    - RCT-Folly/Fabric (= 2022.05.16.00)
    - RCTRequired
    - RCTTypeSafety
    - React-Core
    - React-cxxreact
    - React-debug
    - React-graphics
    - React-jsc
    - React-jsi
    - React-jsiexecutor
    - React-logger
    - React-rendererdebug
    - React-runtimescheduler
    - React-utils
    - ReactCommon/turbomodule/core
  - React-Fabric/componentregistry (0.73.6):
    - DoubleConversion
    - fmt (~> 6.2.1)
    - glog
    - RCT-Folly/Fabric (= 2022.05.16.00)
    - RCTRequired
    - RCTTypeSafety
    - React-Core
    - React-cxxreact
    - React-debug
    - React-graphics
    - React-jsc
    - React-jsi
    - React-jsiexecutor
    - React-logger
    - React-rendererdebug
    - React-runtimescheduler
    - React-utils
    - ReactCommon/turbomodule/core
  - React-Fabric/componentregistrynative (0.73.6):
    - DoubleConversion
    - fmt (~> 6.2.1)
    - glog
    - RCT-Folly/Fabric (= 2022.05.16.00)
    - RCTRequired
    - RCTTypeSafety
    - React-Core
    - React-cxxreact
    - React-debug
    - React-graphics
    - React-jsc
    - React-jsi
    - React-jsiexecutor
    - React-logger
    - React-rendererdebug
    - React-runtimescheduler
    - React-utils
    - ReactCommon/turbomodule/core
  - React-Fabric/components (0.73.6):
    - DoubleConversion
    - fmt (~> 6.2.1)
    - glog
    - RCT-Folly/Fabric (= 2022.05.16.00)
    - RCTRequired
    - RCTTypeSafety
    - React-Core
    - React-cxxreact
    - React-debug
    - React-Fabric/components/inputaccessory (= 0.73.6)
    - React-Fabric/components/legacyviewmanagerinterop (= 0.73.6)
    - React-Fabric/components/modal (= 0.73.6)
    - React-Fabric/components/rncore (= 0.73.6)
    - React-Fabric/components/root (= 0.73.6)
    - React-Fabric/components/safeareaview (= 0.73.6)
    - React-Fabric/components/scrollview (= 0.73.6)
    - React-Fabric/components/text (= 0.73.6)
    - React-Fabric/components/textinput (= 0.73.6)
    - React-Fabric/components/unimplementedview (= 0.73.6)
    - React-Fabric/components/view (= 0.73.6)
    - React-graphics
    - React-jsc
    - React-jsi
    - React-jsiexecutor
    - React-logger
    - React-rendererdebug
    - React-runtimescheduler
    - React-utils
    - ReactCommon/turbomodule/core
  - React-Fabric/components/inputaccessory (0.73.6):
    - DoubleConversion
    - fmt (~> 6.2.1)
    - glog
    - RCT-Folly/Fabric (= 2022.05.16.00)
    - RCTRequired
    - RCTTypeSafety
    - React-Core
    - React-cxxreact
    - React-debug
    - React-graphics
    - React-jsc
    - React-jsi
    - React-jsiexecutor
    - React-logger
    - React-rendererdebug
    - React-runtimescheduler
    - React-utils
    - ReactCommon/turbomodule/core
  - React-Fabric/components/legacyviewmanagerinterop (0.73.6):
    - DoubleConversion
    - fmt (~> 6.2.1)
    - glog
    - RCT-Folly/Fabric (= 2022.05.16.00)
    - RCTRequired
    - RCTTypeSafety
    - React-Core
    - React-cxxreact
    - React-debug
    - React-graphics
    - React-jsc
    - React-jsi
    - React-jsiexecutor
    - React-logger
    - React-rendererdebug
    - React-runtimescheduler
    - React-utils
    - ReactCommon/turbomodule/core
  - React-Fabric/components/modal (0.73.6):
    - DoubleConversion
    - fmt (~> 6.2.1)
    - glog
    - RCT-Folly/Fabric (= 2022.05.16.00)
    - RCTRequired
    - RCTTypeSafety
    - React-Core
    - React-cxxreact
    - React-debug
    - React-graphics
    - React-jsc
    - React-jsi
    - React-jsiexecutor
    - React-logger
    - React-rendererdebug
    - React-runtimescheduler
    - React-utils
    - ReactCommon/turbomodule/core
  - React-Fabric/components/rncore (0.73.6):
    - DoubleConversion
    - fmt (~> 6.2.1)
    - glog
    - RCT-Folly/Fabric (= 2022.05.16.00)
    - RCTRequired
    - RCTTypeSafety
    - React-Core
    - React-cxxreact
    - React-debug
    - React-graphics
    - React-jsc
    - React-jsi
    - React-jsiexecutor
    - React-logger
    - React-rendererdebug
    - React-runtimescheduler
    - React-utils
    - ReactCommon/turbomodule/core
  - React-Fabric/components/root (0.73.6):
    - DoubleConversion
    - fmt (~> 6.2.1)
    - glog
    - RCT-Folly/Fabric (= 2022.05.16.00)
    - RCTRequired
    - RCTTypeSafety
    - React-Core
    - React-cxxreact
    - React-debug
    - React-graphics
    - React-jsc
    - React-jsi
    - React-jsiexecutor
    - React-logger
    - React-rendererdebug
    - React-runtimescheduler
    - React-utils
    - ReactCommon/turbomodule/core
  - React-Fabric/components/safeareaview (0.73.6):
    - DoubleConversion
    - fmt (~> 6.2.1)
    - glog
    - RCT-Folly/Fabric (= 2022.05.16.00)
    - RCTRequired
    - RCTTypeSafety
    - React-Core
    - React-cxxreact
    - React-debug
    - React-graphics
    - React-jsc
    - React-jsi
    - React-jsiexecutor
    - React-logger
    - React-rendererdebug
    - React-runtimescheduler
    - React-utils
    - ReactCommon/turbomodule/core
  - React-Fabric/components/scrollview (0.73.6):
    - DoubleConversion
    - fmt (~> 6.2.1)
    - glog
    - RCT-Folly/Fabric (= 2022.05.16.00)
    - RCTRequired
    - RCTTypeSafety
    - React-Core
    - React-cxxreact
    - React-debug
    - React-graphics
    - React-jsc
    - React-jsi
    - React-jsiexecutor
    - React-logger
    - React-rendererdebug
    - React-runtimescheduler
    - React-utils
    - ReactCommon/turbomodule/core
  - React-Fabric/components/text (0.73.6):
    - DoubleConversion
    - fmt (~> 6.2.1)
    - glog
    - RCT-Folly/Fabric (= 2022.05.16.00)
    - RCTRequired
    - RCTTypeSafety
    - React-Core
    - React-cxxreact
    - React-debug
    - React-graphics
    - React-jsc
    - React-jsi
    - React-jsiexecutor
    - React-logger
    - React-rendererdebug
    - React-runtimescheduler
    - React-utils
    - ReactCommon/turbomodule/core
  - React-Fabric/components/textinput (0.73.6):
    - DoubleConversion
    - fmt (~> 6.2.1)
    - glog
    - RCT-Folly/Fabric (= 2022.05.16.00)
    - RCTRequired
    - RCTTypeSafety
    - React-Core
    - React-cxxreact
    - React-debug
    - React-graphics
    - React-jsc
    - React-jsi
    - React-jsiexecutor
    - React-logger
    - React-rendererdebug
    - React-runtimescheduler
    - React-utils
    - ReactCommon/turbomodule/core
  - React-Fabric/components/unimplementedview (0.73.6):
    - DoubleConversion
    - fmt (~> 6.2.1)
    - glog
    - RCT-Folly/Fabric (= 2022.05.16.00)
    - RCTRequired
    - RCTTypeSafety
    - React-Core
    - React-cxxreact
    - React-debug
    - React-graphics
    - React-jsc
    - React-jsi
    - React-jsiexecutor
    - React-logger
    - React-rendererdebug
    - React-runtimescheduler
    - React-utils
    - ReactCommon/turbomodule/core
  - React-Fabric/components/view (0.73.6):
    - DoubleConversion
    - fmt (~> 6.2.1)
    - glog
    - RCT-Folly/Fabric (= 2022.05.16.00)
    - RCTRequired
    - RCTTypeSafety
    - React-Core
    - React-cxxreact
    - React-debug
    - React-graphics
    - React-jsc
    - React-jsi
    - React-jsiexecutor
    - React-logger
    - React-rendererdebug
    - React-runtimescheduler
    - React-utils
    - ReactCommon/turbomodule/core
    - Yoga
  - React-Fabric/core (0.73.6):
    - DoubleConversion
    - fmt (~> 6.2.1)
    - glog
    - RCT-Folly/Fabric (= 2022.05.16.00)
    - RCTRequired
    - RCTTypeSafety
    - React-Core
    - React-cxxreact
    - React-debug
    - React-graphics
    - React-jsc
    - React-jsi
    - React-jsiexecutor
    - React-logger
    - React-rendererdebug
    - React-runtimescheduler
    - React-utils
    - ReactCommon/turbomodule/core
  - React-Fabric/imagemanager (0.73.6):
    - DoubleConversion
    - fmt (~> 6.2.1)
    - glog
    - RCT-Folly/Fabric (= 2022.05.16.00)
    - RCTRequired
    - RCTTypeSafety
    - React-Core
    - React-cxxreact
    - React-debug
    - React-graphics
    - React-jsc
    - React-jsi
    - React-jsiexecutor
    - React-logger
    - React-rendererdebug
    - React-runtimescheduler
    - React-utils
    - ReactCommon/turbomodule/core
  - React-Fabric/leakchecker (0.73.6):
    - DoubleConversion
    - fmt (~> 6.2.1)
    - glog
    - RCT-Folly/Fabric (= 2022.05.16.00)
    - RCTRequired
    - RCTTypeSafety
    - React-Core
    - React-cxxreact
    - React-debug
    - React-graphics
    - React-jsc
    - React-jsi
    - React-jsiexecutor
    - React-logger
    - React-rendererdebug
    - React-runtimescheduler
    - React-utils
    - ReactCommon/turbomodule/core
  - React-Fabric/mounting (0.73.6):
    - DoubleConversion
    - fmt (~> 6.2.1)
    - glog
    - RCT-Folly/Fabric (= 2022.05.16.00)
    - RCTRequired
    - RCTTypeSafety
    - React-Core
    - React-cxxreact
    - React-debug
    - React-graphics
    - React-jsc
    - React-jsi
    - React-jsiexecutor
    - React-logger
    - React-rendererdebug
    - React-runtimescheduler
    - React-utils
    - ReactCommon/turbomodule/core
  - React-Fabric/scheduler (0.73.6):
    - DoubleConversion
    - fmt (~> 6.2.1)
    - glog
    - RCT-Folly/Fabric (= 2022.05.16.00)
    - RCTRequired
    - RCTTypeSafety
    - React-Core
    - React-cxxreact
    - React-debug
    - React-graphics
    - React-jsc
    - React-jsi
    - React-jsiexecutor
    - React-logger
    - React-rendererdebug
    - React-runtimescheduler
    - React-utils
    - ReactCommon/turbomodule/core
  - React-Fabric/telemetry (0.73.6):
    - DoubleConversion
    - fmt (~> 6.2.1)
    - glog
    - RCT-Folly/Fabric (= 2022.05.16.00)
    - RCTRequired
    - RCTTypeSafety
    - React-Core
    - React-cxxreact
    - React-debug
    - React-graphics
    - React-jsc
    - React-jsi
    - React-jsiexecutor
    - React-logger
    - React-rendererdebug
    - React-runtimescheduler
    - React-utils
    - ReactCommon/turbomodule/core
  - React-Fabric/templateprocessor (0.73.6):
    - DoubleConversion
    - fmt (~> 6.2.1)
    - glog
    - RCT-Folly/Fabric (= 2022.05.16.00)
    - RCTRequired
    - RCTTypeSafety
    - React-Core
    - React-cxxreact
    - React-debug
    - React-graphics
    - React-jsc
    - React-jsi
    - React-jsiexecutor
    - React-logger
    - React-rendererdebug
    - React-runtimescheduler
    - React-utils
    - ReactCommon/turbomodule/core
  - React-Fabric/textlayoutmanager (0.73.6):
    - DoubleConversion
    - fmt (~> 6.2.1)
    - glog
    - RCT-Folly/Fabric (= 2022.05.16.00)
    - RCTRequired
    - RCTTypeSafety
    - React-Core
    - React-cxxreact
    - React-debug
    - React-Fabric/uimanager
    - React-graphics
    - React-jsc
    - React-jsi
    - React-jsiexecutor
    - React-logger
    - React-rendererdebug
    - React-runtimescheduler
    - React-utils
    - ReactCommon/turbomodule/core
  - React-Fabric/uimanager (0.73.6):
    - DoubleConversion
    - fmt (~> 6.2.1)
    - glog
    - RCT-Folly/Fabric (= 2022.05.16.00)
    - RCTRequired
    - RCTTypeSafety
    - React-Core
    - React-cxxreact
    - React-debug
    - React-graphics
    - React-jsc
    - React-jsi
    - React-jsiexecutor
    - React-logger
    - React-rendererdebug
    - React-runtimescheduler
    - React-utils
    - ReactCommon/turbomodule/core
  - React-FabricImage (0.73.6):
    - DoubleConversion
    - fmt (~> 6.2.1)
    - glog
    - RCT-Folly/Fabric (= 2022.05.16.00)
    - RCTRequired (= 0.73.6)
    - RCTTypeSafety (= 0.73.6)
    - React-Fabric
    - React-graphics
    - React-ImageManager
    - React-jsc
    - React-jsi
    - React-jsiexecutor (= 0.73.6)
    - React-logger
    - React-rendererdebug
    - React-utils
    - ReactCommon
    - Yoga
  - React-graphics (0.73.6):
    - glog
    - RCT-Folly/Fabric (= 2022.05.16.00)
    - React-Core/Default (= 0.73.6)
    - React-utils
  - React-ImageManager (0.73.6):
    - glog
    - RCT-Folly/Fabric
    - React-Core/Default
    - React-debug
    - React-Fabric
    - React-graphics
    - React-rendererdebug
    - React-utils
  - React-jsc (0.73.6):
    - React-jsc/Fabric (= 0.73.6)
    - React-jsi (= 0.73.6)
  - React-jsc/Fabric (0.73.6):
    - React-jsi (= 0.73.6)
  - React-jserrorhandler (0.73.6):
    - RCT-Folly/Fabric (= 2022.05.16.00)
    - React-debug
    - React-jsi
    - React-Mapbuffer
  - React-jsi (0.73.6):
    - boost (= 1.83.0)
    - DoubleConversion
    - fmt (~> 6.2.1)
    - glog
    - RCT-Folly (= 2022.05.16.00)
  - React-jsiexecutor (0.73.6):
    - DoubleConversion
    - fmt (~> 6.2.1)
    - glog
    - RCT-Folly (= 2022.05.16.00)
    - React-cxxreact (= 0.73.6)
    - React-jsi (= 0.73.6)
    - React-perflogger (= 0.73.6)
  - React-jsinspector (0.73.6)
  - React-logger (0.73.6):
    - glog
  - React-Mapbuffer (0.73.6):
    - glog
    - React-debug
  - React-nativeconfig (0.73.6)
  - React-NativeModulesApple (0.73.6):
    - glog
    - React-callinvoker
    - React-Core
    - React-cxxreact
    - React-jsc
    - React-jsi
    - React-runtimeexecutor
    - ReactCommon/turbomodule/bridging
    - ReactCommon/turbomodule/core
  - React-perflogger (0.73.6)
  - React-RCTActionSheet (0.73.6):
    - React-Core/RCTActionSheetHeaders (= 0.73.6)
  - React-RCTAnimation (0.73.6):
    - RCT-Folly (= 2022.05.16.00)
    - RCTTypeSafety
    - React-Codegen
    - React-Core/RCTAnimationHeaders
    - React-jsi
    - React-NativeModulesApple
    - ReactCommon
  - React-RCTAppDelegate (0.73.6):
    - RCT-Folly
    - RCTRequired
    - RCTTypeSafety
    - React-Core
    - React-CoreModules
    - React-jsc
    - React-nativeconfig
    - React-NativeModulesApple
    - React-RCTFabric
    - React-RCTImage
    - React-RCTNetwork
    - React-runtimescheduler
    - ReactCommon
  - React-RCTBlob (0.73.6):
    - RCT-Folly (= 2022.05.16.00)
    - React-Codegen
    - React-Core/RCTBlobHeaders
    - React-Core/RCTWebSocket
    - React-jsi
    - React-NativeModulesApple
    - React-RCTNetwork
    - ReactCommon
  - React-RCTFabric (0.73.6):
    - glog
    - RCT-Folly/Fabric (= 2022.05.16.00)
    - React-Core
    - React-debug
    - React-Fabric
    - React-FabricImage
    - React-graphics
    - React-ImageManager
    - React-jsc
    - React-jsi
    - React-nativeconfig
    - React-RCTImage
    - React-RCTText
    - React-rendererdebug
    - React-runtimescheduler
    - React-utils
    - Yoga
  - React-RCTImage (0.73.6):
    - RCT-Folly (= 2022.05.16.00)
    - RCTTypeSafety
    - React-Codegen
    - React-Core/RCTImageHeaders
    - React-jsi
    - React-NativeModulesApple
    - React-RCTNetwork
    - ReactCommon
  - React-RCTLinking (0.73.6):
    - React-Codegen
    - React-Core/RCTLinkingHeaders (= 0.73.6)
    - React-jsi (= 0.73.6)
    - React-NativeModulesApple
    - ReactCommon
    - ReactCommon/turbomodule/core (= 0.73.6)
  - React-RCTNetwork (0.73.6):
    - RCT-Folly (= 2022.05.16.00)
    - RCTTypeSafety
    - React-Codegen
    - React-Core/RCTNetworkHeaders
    - React-jsi
    - React-NativeModulesApple
    - ReactCommon
  - React-RCTSettings (0.73.6):
    - RCT-Folly (= 2022.05.16.00)
    - RCTTypeSafety
    - React-Codegen
    - React-Core/RCTSettingsHeaders
    - React-jsi
    - React-NativeModulesApple
    - ReactCommon
  - React-RCTText (0.73.6):
    - React-Core/RCTTextHeaders (= 0.73.6)
    - Yoga
  - React-RCTVibration (0.73.6):
    - RCT-Folly (= 2022.05.16.00)
    - React-Codegen
    - React-Core/RCTVibrationHeaders
    - React-jsi
    - React-NativeModulesApple
    - ReactCommon
  - React-rendererdebug (0.73.6):
    - DoubleConversion
    - fmt (~> 6.2.1)
    - RCT-Folly (= 2022.05.16.00)
    - React-debug
  - React-rncore (0.73.6)
  - React-runtimeexecutor (0.73.6):
    - React-jsi (= 0.73.6)
  - React-runtimescheduler (0.73.6):
    - glog
    - RCT-Folly (= 2022.05.16.00)
    - React-callinvoker
    - React-cxxreact
    - React-debug
    - React-jsc
    - React-jsi
    - React-rendererdebug
    - React-runtimeexecutor
    - React-utils
  - React-utils (0.73.6):
    - glog
    - RCT-Folly (= 2022.05.16.00)
    - React-debug
  - ReactCommon (0.73.6):
    - React-logger (= 0.73.6)
    - ReactCommon/turbomodule (= 0.73.6)
  - ReactCommon/turbomodule (0.73.6):
    - DoubleConversion
    - fmt (~> 6.2.1)
    - glog
    - RCT-Folly (= 2022.05.16.00)
    - React-callinvoker (= 0.73.6)
    - React-cxxreact (= 0.73.6)
    - React-jsi (= 0.73.6)
    - React-logger (= 0.73.6)
    - React-perflogger (= 0.73.6)
    - ReactCommon/turbomodule/bridging (= 0.73.6)
    - ReactCommon/turbomodule/core (= 0.73.6)
  - ReactCommon/turbomodule/bridging (0.73.6):
    - DoubleConversion
    - fmt (~> 6.2.1)
    - glog
    - RCT-Folly (= 2022.05.16.00)
    - React-callinvoker (= 0.73.6)
    - React-cxxreact (= 0.73.6)
    - React-jsi (= 0.73.6)
    - React-logger (= 0.73.6)
    - React-perflogger (= 0.73.6)
  - ReactCommon/turbomodule/core (0.73.6):
    - DoubleConversion
    - fmt (~> 6.2.1)
    - glog
    - RCT-Folly (= 2022.05.16.00)
    - React-callinvoker (= 0.73.6)
    - React-cxxreact (= 0.73.6)
    - React-jsi (= 0.73.6)
    - React-logger (= 0.73.6)
    - React-perflogger (= 0.73.6)
  - ReactNativeHost (0.4.2):
    - React-Core
    - React-cxxreact
    - ReactCommon/turbomodule/core
  - ReactTestApp-DevSupport (0.0.1-dev):
    - React-Core
    - React-jsi
  - ReactTestApp-Resources (1.0.0-dev)
  - SocketRocket (0.7.0)
  - Yoga (1.14.0)

DEPENDENCIES:
  - boost (from `../node_modules/react-native-macos/third-party-podspecs/boost.podspec`)
  - DoubleConversion (from `../node_modules/react-native-macos/third-party-podspecs/DoubleConversion.podspec`)
  - Example-Tests (from `..`)
  - FBLazyVector (from `../node_modules/react-native-macos/Libraries/FBLazyVector`)
  - FBReactNativeSpec (from `../node_modules/react-native-macos/React/FBReactNativeSpec`)
  - glog (from `../node_modules/react-native-macos/third-party-podspecs/glog.podspec`)
  - RCT-Folly (from `../node_modules/react-native-macos/third-party-podspecs/RCT-Folly.podspec`)
  - RCT-Folly/Fabric (from `../node_modules/react-native-macos/third-party-podspecs/RCT-Folly.podspec`)
  - RCTRequired (from `../node_modules/react-native-macos/Libraries/RCTRequired`)
  - RCTTypeSafety (from `../node_modules/react-native-macos/Libraries/TypeSafety`)
  - React (from `../node_modules/react-native-macos/`)
  - React-callinvoker (from `../node_modules/react-native-macos/ReactCommon/callinvoker`)
  - React-Codegen (from `build/generated/ios`)
  - React-Core (from `../node_modules/react-native-macos/`)
  - React-Core/RCTWebSocket (from `../node_modules/react-native-macos/`)
  - React-CoreModules (from `../node_modules/react-native-macos/React/CoreModules`)
  - React-cxxreact (from `../node_modules/react-native-macos/ReactCommon/cxxreact`)
  - React-debug (from `../node_modules/react-native-macos/ReactCommon/react/debug`)
  - React-Fabric (from `../node_modules/react-native-macos/ReactCommon`)
  - React-FabricImage (from `../node_modules/react-native-macos/ReactCommon`)
  - React-graphics (from `../node_modules/react-native-macos/ReactCommon/react/renderer/graphics`)
  - React-ImageManager (from `../node_modules/react-native-macos/ReactCommon/react/renderer/imagemanager/platform/ios`)
  - React-jsc (from `../node_modules/react-native-macos/ReactCommon/jsc`)
  - React-jserrorhandler (from `../node_modules/react-native-macos/ReactCommon/jserrorhandler`)
  - React-jsi (from `../node_modules/react-native-macos/ReactCommon/jsi`)
  - React-jsiexecutor (from `../node_modules/react-native-macos/ReactCommon/jsiexecutor`)
  - React-jsinspector (from `../node_modules/react-native-macos/ReactCommon/jsinspector-modern`)
  - React-logger (from `../node_modules/react-native-macos/ReactCommon/logger`)
  - React-Mapbuffer (from `../node_modules/react-native-macos/ReactCommon`)
  - React-nativeconfig (from `../node_modules/react-native-macos/ReactCommon`)
  - React-NativeModulesApple (from `../node_modules/react-native-macos/ReactCommon/react/nativemodule/core/platform/ios`)
  - React-perflogger (from `../node_modules/react-native-macos/ReactCommon/reactperflogger`)
  - React-RCTActionSheet (from `../node_modules/react-native-macos/Libraries/ActionSheetIOS`)
  - React-RCTAnimation (from `../node_modules/react-native-macos/Libraries/NativeAnimation`)
  - React-RCTAppDelegate (from `../node_modules/react-native-macos/Libraries/AppDelegate`)
  - React-RCTBlob (from `../node_modules/react-native-macos/Libraries/Blob`)
  - React-RCTFabric (from `../node_modules/react-native-macos/React`)
  - React-RCTImage (from `../node_modules/react-native-macos/Libraries/Image`)
  - React-RCTLinking (from `../node_modules/react-native-macos/Libraries/LinkingIOS`)
  - React-RCTNetwork (from `../node_modules/react-native-macos/Libraries/Network`)
  - React-RCTSettings (from `../node_modules/react-native-macos/Libraries/Settings`)
  - React-RCTText (from `../node_modules/react-native-macos/Libraries/Text`)
  - React-RCTVibration (from `../node_modules/react-native-macos/Libraries/Vibration`)
  - React-rendererdebug (from `../node_modules/react-native-macos/ReactCommon/react/renderer/debug`)
  - React-rncore (from `../node_modules/react-native-macos/ReactCommon`)
  - React-runtimeexecutor (from `../node_modules/react-native-macos/ReactCommon/runtimeexecutor`)
  - React-runtimescheduler (from `../node_modules/react-native-macos/ReactCommon/react/renderer/runtimescheduler`)
  - React-utils (from `../node_modules/react-native-macos/ReactCommon/react/utils`)
  - ReactCommon/turbomodule/core (from `../node_modules/react-native-macos/ReactCommon`)
  - "ReactNativeHost (from `../../node_modules/@rnx-kit/react-native-host`)"
  - ReactTestApp-DevSupport (from `../node_modules/react-native-test-app`)
  - ReactTestApp-Resources (from `..`)
  - Yoga (from `../node_modules/react-native-macos/ReactCommon/yoga`)

SPEC REPOS:
  trunk:
    - fmt
    - SocketRocket

EXTERNAL SOURCES:
  boost:
    :podspec: "../node_modules/react-native-macos/third-party-podspecs/boost.podspec"
  DoubleConversion:
    :podspec: "../node_modules/react-native-macos/third-party-podspecs/DoubleConversion.podspec"
  Example-Tests:
    :path: ".."
  FBLazyVector:
    :path: "../node_modules/react-native-macos/Libraries/FBLazyVector"
  FBReactNativeSpec:
    :path: "../node_modules/react-native-macos/React/FBReactNativeSpec"
  glog:
    :podspec: "../node_modules/react-native-macos/third-party-podspecs/glog.podspec"
  RCT-Folly:
    :podspec: "../node_modules/react-native-macos/third-party-podspecs/RCT-Folly.podspec"
  RCTRequired:
    :path: "../node_modules/react-native-macos/Libraries/RCTRequired"
  RCTTypeSafety:
    :path: "../node_modules/react-native-macos/Libraries/TypeSafety"
  React:
    :path: "../node_modules/react-native-macos/"
  React-callinvoker:
    :path: "../node_modules/react-native-macos/ReactCommon/callinvoker"
  React-Codegen:
    :path: build/generated/ios
  React-Core:
    :path: "../node_modules/react-native-macos/"
  React-CoreModules:
    :path: "../node_modules/react-native-macos/React/CoreModules"
  React-cxxreact:
    :path: "../node_modules/react-native-macos/ReactCommon/cxxreact"
  React-debug:
    :path: "../node_modules/react-native-macos/ReactCommon/react/debug"
  React-Fabric:
    :path: "../node_modules/react-native-macos/ReactCommon"
  React-FabricImage:
    :path: "../node_modules/react-native-macos/ReactCommon"
  React-graphics:
    :path: "../node_modules/react-native-macos/ReactCommon/react/renderer/graphics"
  React-ImageManager:
    :path: "../node_modules/react-native-macos/ReactCommon/react/renderer/imagemanager/platform/ios"
  React-jsc:
    :path: "../node_modules/react-native-macos/ReactCommon/jsc"
  React-jserrorhandler:
    :path: "../node_modules/react-native-macos/ReactCommon/jserrorhandler"
  React-jsi:
    :path: "../node_modules/react-native-macos/ReactCommon/jsi"
  React-jsiexecutor:
    :path: "../node_modules/react-native-macos/ReactCommon/jsiexecutor"
  React-jsinspector:
    :path: "../node_modules/react-native-macos/ReactCommon/jsinspector-modern"
  React-logger:
    :path: "../node_modules/react-native-macos/ReactCommon/logger"
  React-Mapbuffer:
    :path: "../node_modules/react-native-macos/ReactCommon"
  React-nativeconfig:
    :path: "../node_modules/react-native-macos/ReactCommon"
  React-NativeModulesApple:
    :path: "../node_modules/react-native-macos/ReactCommon/react/nativemodule/core/platform/ios"
  React-perflogger:
    :path: "../node_modules/react-native-macos/ReactCommon/reactperflogger"
  React-RCTActionSheet:
    :path: "../node_modules/react-native-macos/Libraries/ActionSheetIOS"
  React-RCTAnimation:
    :path: "../node_modules/react-native-macos/Libraries/NativeAnimation"
  React-RCTAppDelegate:
    :path: "../node_modules/react-native-macos/Libraries/AppDelegate"
  React-RCTBlob:
    :path: "../node_modules/react-native-macos/Libraries/Blob"
  React-RCTFabric:
    :path: "../node_modules/react-native-macos/React"
  React-RCTImage:
    :path: "../node_modules/react-native-macos/Libraries/Image"
  React-RCTLinking:
    :path: "../node_modules/react-native-macos/Libraries/LinkingIOS"
  React-RCTNetwork:
    :path: "../node_modules/react-native-macos/Libraries/Network"
  React-RCTSettings:
    :path: "../node_modules/react-native-macos/Libraries/Settings"
  React-RCTText:
    :path: "../node_modules/react-native-macos/Libraries/Text"
  React-RCTVibration:
    :path: "../node_modules/react-native-macos/Libraries/Vibration"
  React-rendererdebug:
    :path: "../node_modules/react-native-macos/ReactCommon/react/renderer/debug"
  React-rncore:
    :path: "../node_modules/react-native-macos/ReactCommon"
  React-runtimeexecutor:
    :path: "../node_modules/react-native-macos/ReactCommon/runtimeexecutor"
  React-runtimescheduler:
    :path: "../node_modules/react-native-macos/ReactCommon/react/renderer/runtimescheduler"
  React-utils:
    :path: "../node_modules/react-native-macos/ReactCommon/react/utils"
  ReactCommon:
    :path: "../node_modules/react-native-macos/ReactCommon"
  ReactNativeHost:
    :path: "../../node_modules/@rnx-kit/react-native-host"
  ReactTestApp-DevSupport:
    :path: "../node_modules/react-native-test-app"
  ReactTestApp-Resources:
    :path: ".."
  Yoga:
    :path: "../node_modules/react-native-macos/ReactCommon/yoga"

SPEC CHECKSUMS:
  boost: cb0a22b9555beefea9c9c238246ed969157e8b16
  DoubleConversion: 56bb181dd9093360c7cd027b592155b7f33eeb61
  Example-Tests: e3a0c1aa41706608d102daa2239aa6d79fcb6e51
  FBLazyVector: 8214f45488a5ca74f5f48324e9c9c7554bd64ae9
  FBReactNativeSpec: 879fc26f82f039ee99e4b5c76e27dfeaf1e4c5c5
  fmt: ff9d55029c625d3757ed641535fd4a75fedc7ce9
  glog: 905b36b53c03b6e3afad8c8868237e84df8e17c4
  RCT-Folly: 270f9eebb5a7d757382d0438ea993e4d7aa85932
  RCTRequired: 92b0f85aed24ec1c1adc6209c63cc33f7618fb6a
  RCTTypeSafety: 046c4b8a5c02c114d93d57b23c574efd844224d8
  React: 023bc74cd3ac06761bb5e8cc9809077c0bb3c25f
  React-callinvoker: d2a4b215b90a6f9a9a2bb844fe7ddda7333ce007
  React-Codegen: 78256e27f3db18ac02db595b27c2def45259438f
  React-Core: a6b563674c6416b40eb809ed1c7df22013544e8e
  React-CoreModules: f2fcd3e2dbf7c006aeb3b98bfa4f9ae75b5c4994
  React-cxxreact: 70f4975e4dda812b01af29e774efa50d586f74af
  React-debug: 8529383763c4ad956cf8c0b65b4888f0f03e6d48
  React-Fabric: e409d5b3b61c8ef36106041ad71777572ba140bf
  React-FabricImage: 3c011562785525ed2c63b142b0d88ff4e7368ba4
  React-graphics: a491af9fa6a486ece43987fd738abae20337531b
  React-ImageManager: 06636864581a0a137a734af2cc5c1cf5e9946834
  React-jsc: 963016fb33a105e688c51d8cc30b54056097a40d
  React-jserrorhandler: 45a971a15133f3f43368e5def123c6781304ae1f
  React-jsi: 0851e5a272c67a41dcc96af9d911359d684199b6
  React-jsiexecutor: 743cd6d2712f37b4c66c793c67a86d39833903f7
  React-jsinspector: 97a12bacb295adfba40b93e0ea6fb08bc8eda0c3
  React-logger: 5f446ab1fa423847c881c7085b35104d1127d02c
  React-Mapbuffer: 13ba0c02790264ca1abe8a6dff08457abe22ff88
  React-nativeconfig: a362004abc38793316c66921cd4b5bef2785442d
  React-NativeModulesApple: ac96c9683ef9e03d3250f4b16a47da0b0fd8b202
  React-perflogger: b946138dfdfb26d8a75df399292f993a9b09fe20
  React-RCTActionSheet: 9580c2a236ac01eb5ed9df07d18d92d75d24c513
  React-RCTAnimation: d701b26a8fc670ba998c8a118d34581846591a5a
  React-RCTAppDelegate: c489b0012d2800785bbbeab2b12c17ca03833a5c
  React-RCTBlob: 857ec605d2708b899d755276172ef154a8c3a120
  React-RCTFabric: 78075316d9e988f291636675a2633aebf6dc59a3
  React-RCTImage: da95e4e93ab6036d6590b9be2aacfce30bc454dd
  React-RCTLinking: 3eb32983d2526dbb4fc93b30be4531f7d0de35b1
  React-RCTNetwork: 3fa3bc59aaa72c1f2e9cbe1f5d3741b6509bd3a0
  React-RCTSettings: 8a7029c33473cafeaa27d8e1139cdc8698e43ce3
  React-RCTText: 9567d4eb6561cd0834f50b38e9edc143d9501b19
  React-RCTVibration: 8c9bee8cf7cb058ba9f65b4919fac5757db21ea3
  React-rendererdebug: 0ef682aebdc6a8fe0b5f907b03152cb9ae985da6
  React-rncore: b03ed03456d3e217168ebeb8afbd7c0acf2e58dd
  React-runtimeexecutor: 38265551d61d8433ebac6733251bd65d3e5344bd
  React-runtimescheduler: 06ca3657c857fb14d00ec548c489f3b8c552601e
  React-utils: 68f5b33b6957324718290e3c7eda822db1da9b56
  ReactCommon: e80b030b22caf9def0e375bb5a46c02305b95e10
  ReactNativeHost: 87c7181cb3b0ce016e094ede3cc03b4f61c97dd5
  ReactTestApp-DevSupport: 684f374b53c868cd08a0337839a7fcc5ce1e25aa
  ReactTestApp-Resources: 8539dac0f8d2ef3821827a537e37812104c6ff78
  SocketRocket: abac6f5de4d4d62d24e11868d7a2f427e0ef940d
  Yoga: 79fe7ee86686c885279b1e0bd5f780a982f22eb9

PODFILE CHECKSUM: 39314e677d5ddf7e1e4c81e5e81f66cddabd661a

COCOAPODS: 1.14.2
