PODS:
  - boost (1.83.0)
  - DoubleConversion (1.1.6)
  - Example-Tests (0.0.1-dev):
    - React
    - ReactTestApp-DevSupport
  - FBLazyVector (0.73.13)
  - FBReactNativeSpec (0.73.13):
    - RCT-Folly (= 2022.05.16.00)
    - RCTRequired (= 0.73.13)
    - RCTTypeSafety (= 0.73.13)
    - React-Core (= 0.73.13)
    - React-jsi (= 0.73.13)
    - ReactCommon/turbomodule/core (= 0.73.13)
  - fmt (9.1.0)
  - glog (0.3.5)
  - RCT-Folly (2022.05.16.00):
    - boost
    - DoubleConversion
    - fmt (= 9.1.0)
    - glog
    - RCT-Folly/Default (= 2022.05.16.00)
  - RCT-Folly/Default (2022.05.16.00):
    - boost
    - DoubleConversion
    - fmt (= 9.1.0)
    - glog
  - RCT-Folly/Fabric (2022.05.16.00):
    - boost
    - DoubleConversion
    - fmt (= 9.1.0)
    - glog
  - RCTRequired (0.73.13)
  - RCTTypeSafety (0.73.13):
    - FBLazyVector (= 0.73.13)
    - RCTRequired (= 0.73.13)
    - React-Core (= 0.73.13)
  - React (0.73.13):
    - React-Core (= 0.73.13)
    - React-Core/DevSupport (= 0.73.13)
    - React-Core/RCTWebSocket (= 0.73.13)
    - React-RCTActionSheet (= 0.73.13)
    - React-RCTAnimation (= 0.73.13)
    - React-RCTBlob (= 0.73.13)
    - React-RCTImage (= 0.73.13)
    - React-RCTLinking (= 0.73.13)
    - React-RCTNetwork (= 0.73.13)
    - React-RCTSettings (= 0.73.13)
    - React-RCTText (= 0.73.13)
    - React-RCTVibration (= 0.73.13)
  - React-callinvoker (0.73.13)
  - React-Codegen (0.73.13):
    - DoubleConversion
    - FBReactNativeSpec
    - glog
    - RCT-Folly
    - RCTRequired
    - RCTTypeSafety
    - React-Core
    - React-jsc
    - React-jsi
    - React-jsiexecutor
    - React-NativeModulesApple
    - React-rncore
    - ReactCommon/turbomodule/bridging
    - ReactCommon/turbomodule/core
  - React-Core (0.73.13):
    - glog
    - RCT-Folly (= 2022.05.16.00)
    - React-Core/Default (= 0.73.13)
    - React-cxxreact
    - React-jsc
    - React-jsi
    - React-jsiexecutor
    - React-perflogger
    - React-runtimescheduler
    - React-utils
    - SocketRocket (= 0.7.0)
    - Yoga
  - React-Core/CoreModulesHeaders (0.73.13):
    - glog
    - RCT-Folly (= 2022.05.16.00)
    - React-Core/Default
    - React-cxxreact
    - React-jsc
    - React-jsi
    - React-jsiexecutor
    - React-perflogger
    - React-runtimescheduler
    - React-utils
    - SocketRocket (= 0.7.0)
    - Yoga
  - React-Core/Default (0.73.13):
    - glog
    - RCT-Folly (= 2022.05.16.00)
    - React-cxxreact
    - React-jsc
    - React-jsi
    - React-jsiexecutor
    - React-perflogger
    - React-runtimescheduler
    - React-utils
    - SocketRocket (= 0.7.0)
    - Yoga
  - React-Core/DevSupport (0.73.13):
    - glog
    - RCT-Folly (= 2022.05.16.00)
    - React-Core/Default (= 0.73.13)
    - React-Core/RCTWebSocket (= 0.73.13)
    - React-cxxreact
    - React-jsc
    - React-jsi
    - React-jsiexecutor
    - React-jsinspector (= 0.73.13)
    - React-perflogger
    - React-runtimescheduler
    - React-utils
    - SocketRocket (= 0.7.0)
    - Yoga
  - React-Core/RCTActionSheetHeaders (0.73.13):
    - glog
    - RCT-Folly (= 2022.05.16.00)
    - React-Core/Default
    - React-cxxreact
    - React-jsc
    - React-jsi
    - React-jsiexecutor
    - React-perflogger
    - React-runtimescheduler
    - React-utils
    - SocketRocket (= 0.7.0)
    - Yoga
  - React-Core/RCTAnimationHeaders (0.73.13):
    - glog
    - RCT-Folly (= 2022.05.16.00)
    - React-Core/Default
    - React-cxxreact
    - React-jsc
    - React-jsi
    - React-jsiexecutor
    - React-perflogger
    - React-runtimescheduler
    - React-utils
    - SocketRocket (= 0.7.0)
    - Yoga
  - React-Core/RCTBlobHeaders (0.73.13):
    - glog
    - RCT-Folly (= 2022.05.16.00)
    - React-Core/Default
    - React-cxxreact
    - React-jsc
    - React-jsi
    - React-jsiexecutor
    - React-perflogger
    - React-runtimescheduler
    - React-utils
    - SocketRocket (= 0.7.0)
    - Yoga
  - React-Core/RCTImageHeaders (0.73.13):
    - glog
    - RCT-Folly (= 2022.05.16.00)
    - React-Core/Default
    - React-cxxreact
    - React-jsc
    - React-jsi
    - React-jsiexecutor
    - React-perflogger
    - React-runtimescheduler
    - React-utils
    - SocketRocket (= 0.7.0)
    - Yoga
  - React-Core/RCTLinkingHeaders (0.73.13):
    - glog
    - RCT-Folly (= 2022.05.16.00)
    - React-Core/Default
    - React-cxxreact
    - React-jsc
    - React-jsi
    - React-jsiexecutor
    - React-perflogger
    - React-runtimescheduler
    - React-utils
    - SocketRocket (= 0.7.0)
    - Yoga
  - React-Core/RCTNetworkHeaders (0.73.13):
    - glog
    - RCT-Folly (= 2022.05.16.00)
    - React-Core/Default
    - React-cxxreact
    - React-jsc
    - React-jsi
    - React-jsiexecutor
    - React-perflogger
    - React-runtimescheduler
    - React-utils
    - SocketRocket (= 0.7.0)
    - Yoga
  - React-Core/RCTSettingsHeaders (0.73.13):
    - glog
    - RCT-Folly (= 2022.05.16.00)
    - React-Core/Default
    - React-cxxreact
    - React-jsc
    - React-jsi
    - React-jsiexecutor
    - React-perflogger
    - React-runtimescheduler
    - React-utils
    - SocketRocket (= 0.7.0)
    - Yoga
  - React-Core/RCTTextHeaders (0.73.13):
    - glog
    - RCT-Folly (= 2022.05.16.00)
    - React-Core/Default
    - React-cxxreact
    - React-jsc
    - React-jsi
    - React-jsiexecutor
    - React-perflogger
    - React-runtimescheduler
    - React-utils
    - SocketRocket (= 0.7.0)
    - Yoga
  - React-Core/RCTVibrationHeaders (0.73.13):
    - glog
    - RCT-Folly (= 2022.05.16.00)
    - React-Core/Default
    - React-cxxreact
    - React-jsc
    - React-jsi
    - React-jsiexecutor
    - React-perflogger
    - React-runtimescheduler
    - React-utils
    - SocketRocket (= 0.7.0)
    - Yoga
  - React-Core/RCTWebSocket (0.73.13):
    - glog
    - RCT-Folly (= 2022.05.16.00)
    - React-Core/Default (= 0.73.13)
    - React-cxxreact
    - React-jsc
    - React-jsi
    - React-jsiexecutor
    - React-perflogger
    - React-runtimescheduler
    - React-utils
    - SocketRocket (= 0.7.0)
    - Yoga
  - React-CoreModules (0.73.13):
    - RCT-Folly (= 2022.05.16.00)
    - RCTTypeSafety (= 0.73.13)
    - React-Codegen
    - React-Core/CoreModulesHeaders (= 0.73.13)
    - React-jsi (= 0.73.13)
    - React-NativeModulesApple
    - React-RCTBlob
    - React-RCTImage (= 0.73.13)
    - ReactCommon
    - SocketRocket (= 0.7.0)
  - React-cxxreact (0.73.13):
    - boost (= 1.83.0)
    - DoubleConversion
    - fmt (= 9.1.0)
    - glog
    - RCT-Folly (= 2022.05.16.00)
    - React-callinvoker (= 0.73.13)
    - React-debug (= 0.73.13)
    - React-jsi (= 0.73.13)
    - React-jsinspector (= 0.73.13)
    - React-logger (= 0.73.13)
    - React-perflogger (= 0.73.13)
    - React-runtimeexecutor (= 0.73.13)
  - React-debug (0.73.13)
  - React-Fabric (0.73.13):
    - DoubleConversion
    - fmt (= 9.1.0)
    - glog
    - RCT-Folly/Fabric (= 2022.05.16.00)
    - RCTRequired
    - RCTTypeSafety
    - React-Core
    - React-cxxreact
    - React-debug
    - React-Fabric/animations (= 0.73.13)
    - React-Fabric/attributedstring (= 0.73.13)
    - React-Fabric/componentregistry (= 0.73.13)
    - React-Fabric/componentregistrynative (= 0.73.13)
    - React-Fabric/components (= 0.73.13)
    - React-Fabric/core (= 0.73.13)
    - React-Fabric/imagemanager (= 0.73.13)
    - React-Fabric/leakchecker (= 0.73.13)
    - React-Fabric/mounting (= 0.73.13)
    - React-Fabric/scheduler (= 0.73.13)
    - React-Fabric/telemetry (= 0.73.13)
    - React-Fabric/templateprocessor (= 0.73.13)
    - React-Fabric/textlayoutmanager (= 0.73.13)
    - React-Fabric/uimanager (= 0.73.13)
    - React-graphics
    - React-jsc
    - React-jsi
    - React-jsiexecutor
    - React-logger
    - React-rendererdebug
    - React-runtimescheduler
    - React-utils
    - ReactCommon/turbomodule/core
  - React-Fabric/animations (0.73.13):
    - DoubleConversion
    - fmt (= 9.1.0)
    - glog
    - RCT-Folly/Fabric (= 2022.05.16.00)
    - RCTRequired
    - RCTTypeSafety
    - React-Core
    - React-cxxreact
    - React-debug
    - React-graphics
    - React-jsc
    - React-jsi
    - React-jsiexecutor
    - React-logger
    - React-rendererdebug
    - React-runtimescheduler
    - React-utils
    - ReactCommon/turbomodule/core
  - React-Fabric/attributedstring (0.73.13):
    - DoubleConversion
    - fmt (= 9.1.0)
    - glog
    - RCT-Folly/Fabric (= 2022.05.16.00)
    - RCTRequired
    - RCTTypeSafety
    - React-Core
    - React-cxxreact
    - React-debug
    - React-graphics
    - React-jsc
    - React-jsi
    - React-jsiexecutor
    - React-logger
    - React-rendererdebug
    - React-runtimescheduler
    - React-utils
    - ReactCommon/turbomodule/core
  - React-Fabric/componentregistry (0.73.13):
    - DoubleConversion
    - fmt (= 9.1.0)
    - glog
    - RCT-Folly/Fabric (= 2022.05.16.00)
    - RCTRequired
    - RCTTypeSafety
    - React-Core
    - React-cxxreact
    - React-debug
    - React-graphics
    - React-jsc
    - React-jsi
    - React-jsiexecutor
    - React-logger
    - React-rendererdebug
    - React-runtimescheduler
    - React-utils
    - ReactCommon/turbomodule/core
  - React-Fabric/componentregistrynative (0.73.13):
    - DoubleConversion
    - fmt (= 9.1.0)
    - glog
    - RCT-Folly/Fabric (= 2022.05.16.00)
    - RCTRequired
    - RCTTypeSafety
    - React-Core
    - React-cxxreact
    - React-debug
    - React-graphics
    - React-jsc
    - React-jsi
    - React-jsiexecutor
    - React-logger
    - React-rendererdebug
    - React-runtimescheduler
    - React-utils
    - ReactCommon/turbomodule/core
  - React-Fabric/components (0.73.13):
    - DoubleConversion
    - fmt (= 9.1.0)
    - glog
    - RCT-Folly/Fabric (= 2022.05.16.00)
    - RCTRequired
    - RCTTypeSafety
    - React-Core
    - React-cxxreact
    - React-debug
    - React-Fabric/components/inputaccessory (= 0.73.13)
    - React-Fabric/components/legacyviewmanagerinterop (= 0.73.13)
    - React-Fabric/components/modal (= 0.73.13)
    - React-Fabric/components/rncore (= 0.73.13)
    - React-Fabric/components/root (= 0.73.13)
    - React-Fabric/components/safeareaview (= 0.73.13)
    - React-Fabric/components/scrollview (= 0.73.13)
    - React-Fabric/components/text (= 0.73.13)
    - React-Fabric/components/textinput (= 0.73.13)
    - React-Fabric/components/unimplementedview (= 0.73.13)
    - React-Fabric/components/view (= 0.73.13)
    - React-graphics
    - React-jsc
    - React-jsi
    - React-jsiexecutor
    - React-logger
    - React-rendererdebug
    - React-runtimescheduler
    - React-utils
    - ReactCommon/turbomodule/core
  - React-Fabric/components/inputaccessory (0.73.13):
    - DoubleConversion
    - fmt (= 9.1.0)
    - glog
    - RCT-Folly/Fabric (= 2022.05.16.00)
    - RCTRequired
    - RCTTypeSafety
    - React-Core
    - React-cxxreact
    - React-debug
    - React-graphics
    - React-jsc
    - React-jsi
    - React-jsiexecutor
    - React-logger
    - React-rendererdebug
    - React-runtimescheduler
    - React-utils
    - ReactCommon/turbomodule/core
  - React-Fabric/components/legacyviewmanagerinterop (0.73.13):
    - DoubleConversion
    - fmt (= 9.1.0)
    - glog
    - RCT-Folly/Fabric (= 2022.05.16.00)
    - RCTRequired
    - RCTTypeSafety
    - React-Core
    - React-cxxreact
    - React-debug
    - React-graphics
    - React-jsc
    - React-jsi
    - React-jsiexecutor
    - React-logger
    - React-rendererdebug
    - React-runtimescheduler
    - React-utils
    - ReactCommon/turbomodule/core
  - React-Fabric/components/modal (0.73.13):
    - DoubleConversion
    - fmt (= 9.1.0)
    - glog
    - RCT-Folly/Fabric (= 2022.05.16.00)
    - RCTRequired
    - RCTTypeSafety
    - React-Core
    - React-cxxreact
    - React-debug
    - React-graphics
    - React-jsc
    - React-jsi
    - React-jsiexecutor
    - React-logger
    - React-rendererdebug
    - React-runtimescheduler
    - React-utils
    - ReactCommon/turbomodule/core
  - React-Fabric/components/rncore (0.73.13):
    - DoubleConversion
    - fmt (= 9.1.0)
    - glog
    - RCT-Folly/Fabric (= 2022.05.16.00)
    - RCTRequired
    - RCTTypeSafety
    - React-Core
    - React-cxxreact
    - React-debug
    - React-graphics
    - React-jsc
    - React-jsi
    - React-jsiexecutor
    - React-logger
    - React-rendererdebug
    - React-runtimescheduler
    - React-utils
    - ReactCommon/turbomodule/core
  - React-Fabric/components/root (0.73.13):
    - DoubleConversion
    - fmt (= 9.1.0)
    - glog
    - RCT-Folly/Fabric (= 2022.05.16.00)
    - RCTRequired
    - RCTTypeSafety
    - React-Core
    - React-cxxreact
    - React-debug
    - React-graphics
    - React-jsc
    - React-jsi
    - React-jsiexecutor
    - React-logger
    - React-rendererdebug
    - React-runtimescheduler
    - React-utils
    - ReactCommon/turbomodule/core
  - React-Fabric/components/safeareaview (0.73.13):
    - DoubleConversion
    - fmt (= 9.1.0)
    - glog
    - RCT-Folly/Fabric (= 2022.05.16.00)
    - RCTRequired
    - RCTTypeSafety
    - React-Core
    - React-cxxreact
    - React-debug
    - React-graphics
    - React-jsc
    - React-jsi
    - React-jsiexecutor
    - React-logger
    - React-rendererdebug
    - React-runtimescheduler
    - React-utils
    - ReactCommon/turbomodule/core
  - React-Fabric/components/scrollview (0.73.13):
    - DoubleConversion
    - fmt (= 9.1.0)
    - glog
    - RCT-Folly/Fabric (= 2022.05.16.00)
    - RCTRequired
    - RCTTypeSafety
    - React-Core
    - React-cxxreact
    - React-debug
    - React-graphics
    - React-jsc
    - React-jsi
    - React-jsiexecutor
    - React-logger
    - React-rendererdebug
    - React-runtimescheduler
    - React-utils
    - ReactCommon/turbomodule/core
  - React-Fabric/components/text (0.73.13):
    - DoubleConversion
    - fmt (= 9.1.0)
    - glog
    - RCT-Folly/Fabric (= 2022.05.16.00)
    - RCTRequired
    - RCTTypeSafety
    - React-Core
    - React-cxxreact
    - React-debug
    - React-graphics
    - React-jsc
    - React-jsi
    - React-jsiexecutor
    - React-logger
    - React-rendererdebug
    - React-runtimescheduler
    - React-utils
    - ReactCommon/turbomodule/core
  - React-Fabric/components/textinput (0.73.13):
    - DoubleConversion
    - fmt (= 9.1.0)
    - glog
    - RCT-Folly/Fabric (= 2022.05.16.00)
    - RCTRequired
    - RCTTypeSafety
    - React-Core
    - React-cxxreact
    - React-debug
    - React-graphics
    - React-jsc
    - React-jsi
    - React-jsiexecutor
    - React-logger
    - React-rendererdebug
    - React-runtimescheduler
    - React-utils
    - ReactCommon/turbomodule/core
  - React-Fabric/components/unimplementedview (0.73.13):
    - DoubleConversion
    - fmt (= 9.1.0)
    - glog
    - RCT-Folly/Fabric (= 2022.05.16.00)
    - RCTRequired
    - RCTTypeSafety
    - React-Core
    - React-cxxreact
    - React-debug
    - React-graphics
    - React-jsc
    - React-jsi
    - React-jsiexecutor
    - React-logger
    - React-rendererdebug
    - React-runtimescheduler
    - React-utils
    - ReactCommon/turbomodule/core
  - React-Fabric/components/view (0.73.13):
    - DoubleConversion
    - fmt (= 9.1.0)
    - glog
    - RCT-Folly/Fabric (= 2022.05.16.00)
    - RCTRequired
    - RCTTypeSafety
    - React-Core
    - React-cxxreact
    - React-debug
    - React-graphics
    - React-jsc
    - React-jsi
    - React-jsiexecutor
    - React-logger
    - React-rendererdebug
    - React-runtimescheduler
    - React-utils
    - ReactCommon/turbomodule/core
    - Yoga
  - React-Fabric/core (0.73.13):
    - DoubleConversion
    - fmt (= 9.1.0)
    - glog
    - RCT-Folly/Fabric (= 2022.05.16.00)
    - RCTRequired
    - RCTTypeSafety
    - React-Core
    - React-cxxreact
    - React-debug
    - React-graphics
    - React-jsc
    - React-jsi
    - React-jsiexecutor
    - React-logger
    - React-rendererdebug
    - React-runtimescheduler
    - React-utils
    - ReactCommon/turbomodule/core
  - React-Fabric/imagemanager (0.73.13):
    - DoubleConversion
    - fmt (= 9.1.0)
    - glog
    - RCT-Folly/Fabric (= 2022.05.16.00)
    - RCTRequired
    - RCTTypeSafety
    - React-Core
    - React-cxxreact
    - React-debug
    - React-graphics
    - React-jsc
    - React-jsi
    - React-jsiexecutor
    - React-logger
    - React-rendererdebug
    - React-runtimescheduler
    - React-utils
    - ReactCommon/turbomodule/core
  - React-Fabric/leakchecker (0.73.13):
    - DoubleConversion
    - fmt (= 9.1.0)
    - glog
    - RCT-Folly/Fabric (= 2022.05.16.00)
    - RCTRequired
    - RCTTypeSafety
    - React-Core
    - React-cxxreact
    - React-debug
    - React-graphics
    - React-jsc
    - React-jsi
    - React-jsiexecutor
    - React-logger
    - React-rendererdebug
    - React-runtimescheduler
    - React-utils
    - ReactCommon/turbomodule/core
  - React-Fabric/mounting (0.73.13):
    - DoubleConversion
    - fmt (= 9.1.0)
    - glog
    - RCT-Folly/Fabric (= 2022.05.16.00)
    - RCTRequired
    - RCTTypeSafety
    - React-Core
    - React-cxxreact
    - React-debug
    - React-graphics
    - React-jsc
    - React-jsi
    - React-jsiexecutor
    - React-logger
    - React-rendererdebug
    - React-runtimescheduler
    - React-utils
    - ReactCommon/turbomodule/core
  - React-Fabric/scheduler (0.73.13):
    - DoubleConversion
    - fmt (= 9.1.0)
    - glog
    - RCT-Folly/Fabric (= 2022.05.16.00)
    - RCTRequired
    - RCTTypeSafety
    - React-Core
    - React-cxxreact
    - React-debug
    - React-graphics
    - React-jsc
    - React-jsi
    - React-jsiexecutor
    - React-logger
    - React-rendererdebug
    - React-runtimescheduler
    - React-utils
    - ReactCommon/turbomodule/core
  - React-Fabric/telemetry (0.73.13):
    - DoubleConversion
    - fmt (= 9.1.0)
    - glog
    - RCT-Folly/Fabric (= 2022.05.16.00)
    - RCTRequired
    - RCTTypeSafety
    - React-Core
    - React-cxxreact
    - React-debug
    - React-graphics
    - React-jsc
    - React-jsi
    - React-jsiexecutor
    - React-logger
    - React-rendererdebug
    - React-runtimescheduler
    - React-utils
    - ReactCommon/turbomodule/core
  - React-Fabric/templateprocessor (0.73.13):
    - DoubleConversion
    - fmt (= 9.1.0)
    - glog
    - RCT-Folly/Fabric (= 2022.05.16.00)
    - RCTRequired
    - RCTTypeSafety
    - React-Core
    - React-cxxreact
    - React-debug
    - React-graphics
    - React-jsc
    - React-jsi
    - React-jsiexecutor
    - React-logger
    - React-rendererdebug
    - React-runtimescheduler
    - React-utils
    - ReactCommon/turbomodule/core
  - React-Fabric/textlayoutmanager (0.73.13):
    - DoubleConversion
    - fmt (= 9.1.0)
    - glog
    - RCT-Folly/Fabric (= 2022.05.16.00)
    - RCTRequired
    - RCTTypeSafety
    - React-Core
    - React-cxxreact
    - React-debug
    - React-Fabric/uimanager
    - React-graphics
    - React-jsc
    - React-jsi
    - React-jsiexecutor
    - React-logger
    - React-rendererdebug
    - React-runtimescheduler
    - React-utils
    - ReactCommon/turbomodule/core
  - React-Fabric/uimanager (0.73.13):
    - DoubleConversion
    - fmt (= 9.1.0)
    - glog
    - RCT-Folly/Fabric (= 2022.05.16.00)
    - RCTRequired
    - RCTTypeSafety
    - React-Core
    - React-cxxreact
    - React-debug
    - React-graphics
    - React-jsc
    - React-jsi
    - React-jsiexecutor
    - React-logger
    - React-rendererdebug
    - React-runtimescheduler
    - React-utils
    - ReactCommon/turbomodule/core
  - React-FabricImage (0.73.13):
    - DoubleConversion
    - fmt (= 9.1.0)
    - glog
    - RCT-Folly/Fabric (= 2022.05.16.00)
    - RCTRequired (= 0.73.13)
    - RCTTypeSafety (= 0.73.13)
    - React-Fabric
    - React-graphics
    - React-ImageManager
    - React-jsc
    - React-jsi
    - React-jsiexecutor (= 0.73.13)
    - React-logger
    - React-rendererdebug
    - React-utils
    - ReactCommon
    - Yoga
  - React-graphics (0.73.13):
    - glog
    - RCT-Folly/Fabric (= 2022.05.16.00)
    - React-Core/Default (= 0.73.13)
    - React-utils
  - React-ImageManager (0.73.13):
    - glog
    - RCT-Folly/Fabric
    - React-Core/Default
    - React-debug
    - React-Fabric
    - React-graphics
    - React-rendererdebug
    - React-utils
  - React-jsc (0.73.13):
    - React-jsc/Fabric (= 0.73.13)
    - React-jsi (= 0.73.13)
  - React-jsc/Fabric (0.73.13):
    - React-jsi (= 0.73.13)
  - React-jserrorhandler (0.73.13):
    - RCT-Folly/Fabric (= 2022.05.16.00)
    - React-debug
    - React-jsi
    - React-Mapbuffer
  - React-jsi (0.73.13):
    - boost (= 1.83.0)
    - DoubleConversion
    - fmt (= 9.1.0)
    - glog
    - RCT-Folly (= 2022.05.16.00)
  - React-jsiexecutor (0.73.13):
    - DoubleConversion
    - fmt (= 9.1.0)
    - glog
    - RCT-Folly (= 2022.05.16.00)
    - React-cxxreact (= 0.73.13)
    - React-jsi (= 0.73.13)
    - React-perflogger (= 0.73.13)
  - React-jsinspector (0.73.13)
  - React-logger (0.73.13):
    - glog
  - React-Mapbuffer (0.73.13):
    - glog
    - React-debug
  - React-nativeconfig (0.73.13)
  - React-NativeModulesApple (0.73.13):
    - glog
    - React-callinvoker
    - React-Core
    - React-cxxreact
    - React-jsc
    - React-jsi
    - React-runtimeexecutor
    - ReactCommon/turbomodule/bridging
    - ReactCommon/turbomodule/core
  - React-perflogger (0.73.13)
  - React-RCTActionSheet (0.73.13):
    - React-Core/RCTActionSheetHeaders (= 0.73.13)
  - React-RCTAnimation (0.73.13):
    - RCT-Folly (= 2022.05.16.00)
    - RCTTypeSafety
    - React-Codegen
    - React-Core/RCTAnimationHeaders
    - React-jsi
    - React-NativeModulesApple
    - ReactCommon
  - React-RCTAppDelegate (0.73.13):
    - RCT-Folly
    - RCTRequired
    - RCTTypeSafety
    - React-Core
    - React-CoreModules
    - React-jsc
    - React-nativeconfig
    - React-NativeModulesApple
    - React-RCTFabric
    - React-RCTImage
    - React-RCTNetwork
    - React-runtimescheduler
    - ReactCommon
  - React-RCTBlob (0.73.13):
    - RCT-Folly (= 2022.05.16.00)
    - React-Codegen
    - React-Core/RCTBlobHeaders
    - React-Core/RCTWebSocket
    - React-jsi
    - React-NativeModulesApple
    - React-RCTNetwork
    - ReactCommon
  - React-RCTFabric (0.73.13):
    - glog
    - RCT-Folly/Fabric (= 2022.05.16.00)
    - React-Core
    - React-debug
    - React-Fabric
    - React-FabricImage
    - React-graphics
    - React-ImageManager
    - React-jsc
    - React-jsi
    - React-nativeconfig
    - React-RCTImage
    - React-RCTText
    - React-rendererdebug
    - React-runtimescheduler
    - React-utils
    - Yoga
  - React-RCTImage (0.73.13):
    - RCT-Folly (= 2022.05.16.00)
    - RCTTypeSafety
    - React-Codegen
    - React-Core/RCTImageHeaders
    - React-jsi
    - React-NativeModulesApple
    - React-RCTNetwork
    - ReactCommon
  - React-RCTLinking (0.73.13):
    - React-Codegen
    - React-Core/RCTLinkingHeaders (= 0.73.13)
    - React-jsi (= 0.73.13)
    - React-NativeModulesApple
    - ReactCommon
    - ReactCommon/turbomodule/core (= 0.73.13)
  - React-RCTNetwork (0.73.13):
    - RCT-Folly (= 2022.05.16.00)
    - RCTTypeSafety
    - React-Codegen
    - React-Core/RCTNetworkHeaders
    - React-jsi
    - React-NativeModulesApple
    - ReactCommon
  - React-RCTSettings (0.73.13):
    - RCT-Folly (= 2022.05.16.00)
    - RCTTypeSafety
    - React-Codegen
    - React-Core/RCTSettingsHeaders
    - React-jsi
    - React-NativeModulesApple
    - ReactCommon
  - React-RCTText (0.73.13):
    - React-Core/RCTTextHeaders (= 0.73.13)
    - Yoga
  - React-RCTVibration (0.73.13):
    - RCT-Folly (= 2022.05.16.00)
    - React-Codegen
    - React-Core/RCTVibrationHeaders
    - React-jsi
    - React-NativeModulesApple
    - ReactCommon
  - React-rendererdebug (0.73.13):
    - DoubleConversion
    - fmt (= 9.1.0)
    - RCT-Folly (= 2022.05.16.00)
    - React-debug
  - React-rncore (0.73.13)
  - React-runtimeexecutor (0.73.13):
    - React-jsi (= 0.73.13)
  - React-runtimescheduler (0.73.13):
    - glog
    - RCT-Folly (= 2022.05.16.00)
    - React-callinvoker
    - React-cxxreact
    - React-debug
    - React-jsc
    - React-jsi
    - React-rendererdebug
    - React-runtimeexecutor
    - React-utils
  - React-utils (0.73.13):
    - glog
    - RCT-Folly (= 2022.05.16.00)
    - React-debug
  - ReactCommon (0.73.13):
    - React-logger (= 0.73.13)
    - ReactCommon/turbomodule (= 0.73.13)
  - ReactCommon/turbomodule (0.73.13):
    - DoubleConversion
    - fmt (= 9.1.0)
    - glog
    - RCT-Folly (= 2022.05.16.00)
    - React-callinvoker (= 0.73.13)
    - React-cxxreact (= 0.73.13)
    - React-jsi (= 0.73.13)
    - React-logger (= 0.73.13)
    - React-perflogger (= 0.73.13)
    - ReactCommon/turbomodule/bridging (= 0.73.13)
    - ReactCommon/turbomodule/core (= 0.73.13)
  - ReactCommon/turbomodule/bridging (0.73.13):
    - DoubleConversion
    - fmt (= 9.1.0)
    - glog
    - RCT-Folly (= 2022.05.16.00)
    - React-callinvoker (= 0.73.13)
    - React-cxxreact (= 0.73.13)
    - React-jsi (= 0.73.13)
    - React-logger (= 0.73.13)
    - React-perflogger (= 0.73.13)
  - ReactCommon/turbomodule/core (0.73.13):
    - DoubleConversion
    - fmt (= 9.1.0)
    - glog
    - RCT-Folly (= 2022.05.16.00)
    - React-callinvoker (= 0.73.13)
    - React-cxxreact (= 0.73.13)
    - React-jsi (= 0.73.13)
    - React-logger (= 0.73.13)
    - React-perflogger (= 0.73.13)
  - ReactNativeHost (0.4.2):
    - React-Core
    - React-cxxreact
    - ReactCommon/turbomodule/core
  - ReactTestApp-DevSupport (0.0.1-dev):
    - React-Core
    - React-jsi
  - ReactTestApp-Resources (1.0.0-dev)
  - SocketRocket (0.7.0)
  - Yoga (1.14.0)

DEPENDENCIES:
  - boost (from `../node_modules/react-native-macos/third-party-podspecs/boost.podspec`)
  - DoubleConversion (from `../node_modules/react-native-macos/third-party-podspecs/DoubleConversion.podspec`)
  - Example-Tests (from `..`)
  - FBLazyVector (from `../node_modules/react-native-macos/Libraries/FBLazyVector`)
  - FBReactNativeSpec (from `../node_modules/react-native-macos/React/FBReactNativeSpec`)
  - fmt (from `../node_modules/react-native-macos/third-party-podspecs/fmt.podspec`)
  - glog (from `../node_modules/react-native-macos/third-party-podspecs/glog.podspec`)
  - RCT-Folly (from `../node_modules/react-native-macos/third-party-podspecs/RCT-Folly.podspec`)
  - RCT-Folly/Fabric (from `../node_modules/react-native-macos/third-party-podspecs/RCT-Folly.podspec`)
  - RCTRequired (from `../node_modules/react-native-macos/Libraries/RCTRequired`)
  - RCTTypeSafety (from `../node_modules/react-native-macos/Libraries/TypeSafety`)
  - React (from `../node_modules/react-native-macos/`)
  - React-callinvoker (from `../node_modules/react-native-macos/ReactCommon/callinvoker`)
  - React-Codegen (from `build/generated/ios`)
  - React-Core (from `../node_modules/react-native-macos/`)
  - React-Core/RCTWebSocket (from `../node_modules/react-native-macos/`)
  - React-CoreModules (from `../node_modules/react-native-macos/React/CoreModules`)
  - React-cxxreact (from `../node_modules/react-native-macos/ReactCommon/cxxreact`)
  - React-debug (from `../node_modules/react-native-macos/ReactCommon/react/debug`)
  - React-Fabric (from `../node_modules/react-native-macos/ReactCommon`)
  - React-FabricImage (from `../node_modules/react-native-macos/ReactCommon`)
  - React-graphics (from `../node_modules/react-native-macos/ReactCommon/react/renderer/graphics`)
  - React-ImageManager (from `../node_modules/react-native-macos/ReactCommon/react/renderer/imagemanager/platform/ios`)
  - React-jsc (from `../node_modules/react-native-macos/ReactCommon/jsc`)
  - React-jserrorhandler (from `../node_modules/react-native-macos/ReactCommon/jserrorhandler`)
  - React-jsi (from `../node_modules/react-native-macos/ReactCommon/jsi`)
  - React-jsiexecutor (from `../node_modules/react-native-macos/ReactCommon/jsiexecutor`)
  - React-jsinspector (from `../node_modules/react-native-macos/ReactCommon/jsinspector-modern`)
  - React-logger (from `../node_modules/react-native-macos/ReactCommon/logger`)
  - React-Mapbuffer (from `../node_modules/react-native-macos/ReactCommon`)
  - React-nativeconfig (from `../node_modules/react-native-macos/ReactCommon`)
  - React-NativeModulesApple (from `../node_modules/react-native-macos/ReactCommon/react/nativemodule/core/platform/ios`)
  - React-perflogger (from `../node_modules/react-native-macos/ReactCommon/reactperflogger`)
  - React-RCTActionSheet (from `../node_modules/react-native-macos/Libraries/ActionSheetIOS`)
  - React-RCTAnimation (from `../node_modules/react-native-macos/Libraries/NativeAnimation`)
  - React-RCTAppDelegate (from `../node_modules/react-native-macos/Libraries/AppDelegate`)
  - React-RCTBlob (from `../node_modules/react-native-macos/Libraries/Blob`)
  - React-RCTFabric (from `../node_modules/react-native-macos/React`)
  - React-RCTImage (from `../node_modules/react-native-macos/Libraries/Image`)
  - React-RCTLinking (from `../node_modules/react-native-macos/Libraries/LinkingIOS`)
  - React-RCTNetwork (from `../node_modules/react-native-macos/Libraries/Network`)
  - React-RCTSettings (from `../node_modules/react-native-macos/Libraries/Settings`)
  - React-RCTText (from `../node_modules/react-native-macos/Libraries/Text`)
  - React-RCTVibration (from `../node_modules/react-native-macos/Libraries/Vibration`)
  - React-rendererdebug (from `../node_modules/react-native-macos/ReactCommon/react/renderer/debug`)
  - React-rncore (from `../node_modules/react-native-macos/ReactCommon`)
  - React-runtimeexecutor (from `../node_modules/react-native-macos/ReactCommon/runtimeexecutor`)
  - React-runtimescheduler (from `../node_modules/react-native-macos/ReactCommon/react/renderer/runtimescheduler`)
  - React-utils (from `../node_modules/react-native-macos/ReactCommon/react/utils`)
  - ReactCommon/turbomodule/core (from `../node_modules/react-native-macos/ReactCommon`)
  - "ReactNativeHost (from `../../node_modules/@rnx-kit/react-native-host`)"
  - ReactTestApp-DevSupport (from `../node_modules/react-native-test-app`)
  - ReactTestApp-Resources (from `..`)
  - SocketRocket (from `../node_modules/react-native-macos/third-party-podspecs/SocketRocket.podspec`)
  - Yoga (from `../node_modules/react-native-macos/ReactCommon/yoga`)

EXTERNAL SOURCES:
  boost:
    :podspec: "../node_modules/react-native-macos/third-party-podspecs/boost.podspec"
  DoubleConversion:
    :podspec: "../node_modules/react-native-macos/third-party-podspecs/DoubleConversion.podspec"
  Example-Tests:
    :path: ".."
  FBLazyVector:
    :path: "../node_modules/react-native-macos/Libraries/FBLazyVector"
  FBReactNativeSpec:
    :path: "../node_modules/react-native-macos/React/FBReactNativeSpec"
  fmt:
    :podspec: "../node_modules/react-native-macos/third-party-podspecs/fmt.podspec"
  glog:
    :podspec: "../node_modules/react-native-macos/third-party-podspecs/glog.podspec"
  RCT-Folly:
    :podspec: "../node_modules/react-native-macos/third-party-podspecs/RCT-Folly.podspec"
  RCTRequired:
    :path: "../node_modules/react-native-macos/Libraries/RCTRequired"
  RCTTypeSafety:
    :path: "../node_modules/react-native-macos/Libraries/TypeSafety"
  React:
    :path: "../node_modules/react-native-macos/"
  React-callinvoker:
    :path: "../node_modules/react-native-macos/ReactCommon/callinvoker"
  React-Codegen:
    :path: build/generated/ios
  React-Core:
    :path: "../node_modules/react-native-macos/"
  React-CoreModules:
    :path: "../node_modules/react-native-macos/React/CoreModules"
  React-cxxreact:
    :path: "../node_modules/react-native-macos/ReactCommon/cxxreact"
  React-debug:
    :path: "../node_modules/react-native-macos/ReactCommon/react/debug"
  React-Fabric:
    :path: "../node_modules/react-native-macos/ReactCommon"
  React-FabricImage:
    :path: "../node_modules/react-native-macos/ReactCommon"
  React-graphics:
    :path: "../node_modules/react-native-macos/ReactCommon/react/renderer/graphics"
  React-ImageManager:
    :path: "../node_modules/react-native-macos/ReactCommon/react/renderer/imagemanager/platform/ios"
  React-jsc:
    :path: "../node_modules/react-native-macos/ReactCommon/jsc"
  React-jserrorhandler:
    :path: "../node_modules/react-native-macos/ReactCommon/jserrorhandler"
  React-jsi:
    :path: "../node_modules/react-native-macos/ReactCommon/jsi"
  React-jsiexecutor:
    :path: "../node_modules/react-native-macos/ReactCommon/jsiexecutor"
  React-jsinspector:
    :path: "../node_modules/react-native-macos/ReactCommon/jsinspector-modern"
  React-logger:
    :path: "../node_modules/react-native-macos/ReactCommon/logger"
  React-Mapbuffer:
    :path: "../node_modules/react-native-macos/ReactCommon"
  React-nativeconfig:
    :path: "../node_modules/react-native-macos/ReactCommon"
  React-NativeModulesApple:
    :path: "../node_modules/react-native-macos/ReactCommon/react/nativemodule/core/platform/ios"
  React-perflogger:
    :path: "../node_modules/react-native-macos/ReactCommon/reactperflogger"
  React-RCTActionSheet:
    :path: "../node_modules/react-native-macos/Libraries/ActionSheetIOS"
  React-RCTAnimation:
    :path: "../node_modules/react-native-macos/Libraries/NativeAnimation"
  React-RCTAppDelegate:
    :path: "../node_modules/react-native-macos/Libraries/AppDelegate"
  React-RCTBlob:
    :path: "../node_modules/react-native-macos/Libraries/Blob"
  React-RCTFabric:
    :path: "../node_modules/react-native-macos/React"
  React-RCTImage:
    :path: "../node_modules/react-native-macos/Libraries/Image"
  React-RCTLinking:
    :path: "../node_modules/react-native-macos/Libraries/LinkingIOS"
  React-RCTNetwork:
    :path: "../node_modules/react-native-macos/Libraries/Network"
  React-RCTSettings:
    :path: "../node_modules/react-native-macos/Libraries/Settings"
  React-RCTText:
    :path: "../node_modules/react-native-macos/Libraries/Text"
  React-RCTVibration:
    :path: "../node_modules/react-native-macos/Libraries/Vibration"
  React-rendererdebug:
    :path: "../node_modules/react-native-macos/ReactCommon/react/renderer/debug"
  React-rncore:
    :path: "../node_modules/react-native-macos/ReactCommon"
  React-runtimeexecutor:
    :path: "../node_modules/react-native-macos/ReactCommon/runtimeexecutor"
  React-runtimescheduler:
    :path: "../node_modules/react-native-macos/ReactCommon/react/renderer/runtimescheduler"
  React-utils:
    :path: "../node_modules/react-native-macos/ReactCommon/react/utils"
  ReactCommon:
    :path: "../node_modules/react-native-macos/ReactCommon"
  ReactNativeHost:
    :path: "../../node_modules/@rnx-kit/react-native-host"
  ReactTestApp-DevSupport:
    :path: "../node_modules/react-native-test-app"
  ReactTestApp-Resources:
    :path: ".."
  SocketRocket:
    :podspec: "../node_modules/react-native-macos/third-party-podspecs/SocketRocket.podspec"
  Yoga:
    :path: "../node_modules/react-native-macos/ReactCommon/yoga"

SPEC CHECKSUMS:
  boost: 0686b6af8cbd638c784fea5afb789be66699823c
  DoubleConversion: ca54355f8932558971f6643521d62b9bc8231cee
  Example-Tests: e3a0c1aa41706608d102daa2239aa6d79fcb6e51
  FBLazyVector: 3663cdf8ab079f7d9531acba577f16f4840b05d9
  FBReactNativeSpec: 557ad71a46e10a92fbdc83886b38cb36bf41d79d
  fmt: 03574da4b7ba40de39da59677ca66610ce8c4a02
  glog: 3a72874c0322c7caf24931d3a2777cb7a3090529
  RCT-Folly: 68e9c0fd4c0f05964afd447041d3ac2d67298f27
  RCTRequired: d294f956b36deead87feadc29bb0c65cbddad019
  RCTTypeSafety: 9c7510620ee5a05e1d7abc216a6392e7c3a1e979
  React: 11a976001bdc50c753187455b22d6f874c795430
  React-callinvoker: 81dea7051cc2097f4991de16da408f72fe06e55f
  React-Codegen: ed0be4e0b387b0197ff8c1e69a4808ba0772a901
  React-Core: aeacfa05eeaec04692cd54505c16216f945d0e22
  React-CoreModules: 686a63a52043eed2f3930fb831dcff3407ab6355
  React-cxxreact: 03a4fc527e8141918195fb8b96e1fbb1c10220c2
  React-debug: c4170455e04c2ddd0769970fa50bdb0e59891b76
  React-Fabric: f5f87aecd988d5c436cf572394f2c4fdb2055479
  React-FabricImage: cb0c422b1542fbfe7bcc39ba1288735d7be0a885
  React-graphics: d868d225a26b2960b6176ada0f4394abb7c3d7d7
  React-ImageManager: 63642efb4d4ff4ad3a7ac5ad1b50865ecdcbe98f
  React-jsc: bbfbfe74b2a4b95c644482ab666ad8aab21b83c4
  React-jserrorhandler: 4260bbfebf47ed6108b00be552be09d514e4f4b9
  React-jsi: 9c0d99ba172deecb09578d0d3a44394cf218045c
  React-jsiexecutor: ad86dcda511ee5cc87fe26eb0ce1dacbca7c8d8e
  React-jsinspector: 5c896a0e7a93918ca88eb9127d2feaaedd833111
  React-logger: 38770863230ec3bb8ecaa12ec2d39fa60c764ca3
  React-Mapbuffer: 47d025e0cf6af980c184878607ca2f5928d5b612
  React-nativeconfig: 7403d94b6240b434195c262591eb083d37f0f41b
  React-NativeModulesApple: 856db65fdef2cf1f1708ed5353a5ec03342c6527
  React-perflogger: b29e8179b9af962d8390d5d48fc173ee27d15186
  React-RCTActionSheet: f7208e7810559f9894f036df226b223322836db6
  React-RCTAnimation: c2023b881000d68e18904e2bed75cdd4ecb1731a
  React-RCTAppDelegate: 132ba4a19452b78d8939f3ada117d45a9d042b0b
  React-RCTBlob: e2e4cd206967b537c3b84f3f615aa69c54eef03c
  React-RCTFabric: 8a09b600cff1d4643dae9b5e5359103a39410e54
  React-RCTImage: cae6825d9ffeb875324c387ce99018e8bcf869df
  React-RCTLinking: d58c9ffa328dcc7537f99e8167b70b0fba042f78
  React-RCTNetwork: 107ca4d56ab462705bd7021dc72a2ca4f9f5ef39
  React-RCTSettings: bede0863779b85c8b21f12187103bbe902415344
  React-RCTText: 1ba46468c0e09be8ecef11ed472438448f81d08f
  React-RCTVibration: c9d5d2ffd76c33300a41155628470870f835e15b
  React-rendererdebug: 6d7ead80c38811b416707d38e74fbe5736d0ae3a
  React-rncore: 949dd55baf97682dac2e53ceb3d52113e55cc6e9
  React-runtimeexecutor: 61af7277ae26c60ed8e3216f24b21d34e487a54b
  React-runtimescheduler: c454512f5ad70c77e69c79a21ebeadbeac16addb
  React-utils: 76353092b296f76eb8f315c984ec454e0e964b76
  ReactCommon: 730cc6c7a5c473dee07856b4b521c08278d472f8
  ReactNativeHost: 87c7181cb3b0ce016e094ede3cc03b4f61c97dd5
  ReactTestApp-DevSupport: 8e43ae85b0a63bc023596bc70a9dc76f0ada60ef
  ReactTestApp-Resources: 8539dac0f8d2ef3821827a537e37812104c6ff78
  SocketRocket: f6c6249082c011e6de2de60ed641ef8bbe0cfac9
  Yoga: a70dc333c0bbc9ff8b1321e79d9a62a12320b6b3

PODFILE CHECKSUM: 39314e677d5ddf7e1e4c81e5e81f66cddabd661a

COCOAPODS: 1.14.2
