PODS:
  - boost-for-react-native (1.63.0)
  - DoubleConversion (1.1.6)
  - Example-Tests (0.0.1-dev):
    - React
    - ReactTestApp-DevSupport
  - FBLazyVector (0.64.6)
  - FBReactNativeSpec (0.64.6):
    - RCT-Folly (= 2020.01.13.00)
    - RCTRequired (= 0.64.6)
    - RCTTypeSafety (= 0.64.6)
    - React-Core (= 0.64.6)
    - React-jsi (= 0.64.6)
    - ReactCommon/turbomodule/core (= 0.64.6)
  - glog (0.3.5)
  - RCT-Folly (2020.01.13.00):
    - boost-for-react-native
    - DoubleConversion
    - glog
    - RCT-Folly/Default (= 2020.01.13.00)
  - RCT-Folly/Default (2020.01.13.00):
    - boost-for-react-native
    - DoubleConversion
    - glog
  - RCTRequired (0.64.6)
  - RCTTypeSafety (0.64.6):
    - FBLazyVector (= 0.64.6)
    - RCT-Folly (= 2020.01.13.00)
    - RCTRequired (= 0.64.6)
    - React-Core (= 0.64.6)
  - React (0.64.6):
    - React-Core (= 0.64.6)
    - React-Core/DevSupport (= 0.64.6)
    - React-Core/RCTWebSocket (= 0.64.6)
    - React-RCTActionSheet (= 0.64.6)
    - React-RCTAnimation (= 0.64.6)
    - React-RCTBlob (= 0.64.6)
    - React-RCTImage (= 0.64.6)
    - React-RCTLinking (= 0.64.6)
    - React-RCTNetwork (= 0.64.6)
    - React-RCTSettings (= 0.64.6)
    - React-RCTText (= 0.64.6)
    - React-RCTVibration (= 0.64.6)
  - React-callinvoker (0.64.6)
  - React-Core (0.64.6):
    - glog
    - RCT-Folly (= 2020.01.13.00)
    - React-Core/Default (= 0.64.6)
    - React-cxxreact (= 0.64.6)
    - React-jsi (= 0.64.6)
    - React-jsiexecutor (= 0.64.6)
    - React-perflogger (= 0.64.6)
    - Yoga
  - React-Core/CoreModulesHeaders (0.64.6):
    - glog
    - RCT-Folly (= 2020.01.13.00)
    - React-Core/Default
    - React-cxxreact (= 0.64.6)
    - React-jsi (= 0.64.6)
    - React-jsiexecutor (= 0.64.6)
    - React-perflogger (= 0.64.6)
    - Yoga
  - React-Core/Default (0.64.6):
    - glog
    - RCT-Folly (= 2020.01.13.00)
    - React-cxxreact (= 0.64.6)
    - React-jsi (= 0.64.6)
    - React-jsiexecutor (= 0.64.6)
    - React-perflogger (= 0.64.6)
    - Yoga
  - React-Core/DevSupport (0.64.6):
    - glog
    - RCT-Folly (= 2020.01.13.00)
    - React-Core/Default (= 0.64.6)
    - React-Core/RCTWebSocket (= 0.64.6)
    - React-cxxreact (= 0.64.6)
    - React-jsi (= 0.64.6)
    - React-jsiexecutor (= 0.64.6)
    - React-jsinspector (= 0.64.6)
    - React-perflogger (= 0.64.6)
    - Yoga
  - React-Core/RCTActionSheetHeaders (0.64.6):
    - glog
    - RCT-Folly (= 2020.01.13.00)
    - React-Core/Default
    - React-cxxreact (= 0.64.6)
    - React-jsi (= 0.64.6)
    - React-jsiexecutor (= 0.64.6)
    - React-perflogger (= 0.64.6)
    - Yoga
  - React-Core/RCTAnimationHeaders (0.64.6):
    - glog
    - RCT-Folly (= 2020.01.13.00)
    - React-Core/Default
    - React-cxxreact (= 0.64.6)
    - React-jsi (= 0.64.6)
    - React-jsiexecutor (= 0.64.6)
    - React-perflogger (= 0.64.6)
    - Yoga
  - React-Core/RCTBlobHeaders (0.64.6):
    - glog
    - RCT-Folly (= 2020.01.13.00)
    - React-Core/Default
    - React-cxxreact (= 0.64.6)
    - React-jsi (= 0.64.6)
    - React-jsiexecutor (= 0.64.6)
    - React-perflogger (= 0.64.6)
    - Yoga
  - React-Core/RCTImageHeaders (0.64.6):
    - glog
    - RCT-Folly (= 2020.01.13.00)
    - React-Core/Default
    - React-cxxreact (= 0.64.6)
    - React-jsi (= 0.64.6)
    - React-jsiexecutor (= 0.64.6)
    - React-perflogger (= 0.64.6)
    - Yoga
  - React-Core/RCTLinkingHeaders (0.64.6):
    - glog
    - RCT-Folly (= 2020.01.13.00)
    - React-Core/Default
    - React-cxxreact (= 0.64.6)
    - React-jsi (= 0.64.6)
    - React-jsiexecutor (= 0.64.6)
    - React-perflogger (= 0.64.6)
    - Yoga
  - React-Core/RCTNetworkHeaders (0.64.6):
    - glog
    - RCT-Folly (= 2020.01.13.00)
    - React-Core/Default
    - React-cxxreact (= 0.64.6)
    - React-jsi (= 0.64.6)
    - React-jsiexecutor (= 0.64.6)
    - React-perflogger (= 0.64.6)
    - Yoga
  - React-Core/RCTSettingsHeaders (0.64.6):
    - glog
    - RCT-Folly (= 2020.01.13.00)
    - React-Core/Default
    - React-cxxreact (= 0.64.6)
    - React-jsi (= 0.64.6)
    - React-jsiexecutor (= 0.64.6)
    - React-perflogger (= 0.64.6)
    - Yoga
  - React-Core/RCTTextHeaders (0.64.6):
    - glog
    - RCT-Folly (= 2020.01.13.00)
    - React-Core/Default
    - React-cxxreact (= 0.64.6)
    - React-jsi (= 0.64.6)
    - React-jsiexecutor (= 0.64.6)
    - React-perflogger (= 0.64.6)
    - Yoga
  - React-Core/RCTVibrationHeaders (0.64.6):
    - glog
    - RCT-Folly (= 2020.01.13.00)
    - React-Core/Default
    - React-cxxreact (= 0.64.6)
    - React-jsi (= 0.64.6)
    - React-jsiexecutor (= 0.64.6)
    - React-perflogger (= 0.64.6)
    - Yoga
  - React-Core/RCTWebSocket (0.64.6):
    - glog
    - RCT-Folly (= 2020.01.13.00)
    - React-Core/Default (= 0.64.6)
    - React-cxxreact (= 0.64.6)
    - React-jsi (= 0.64.6)
    - React-jsiexecutor (= 0.64.6)
    - React-perflogger (= 0.64.6)
    - Yoga
  - React-CoreModules (0.64.6):
    - FBReactNativeSpec (= 0.64.6)
    - RCT-Folly (= 2020.01.13.00)
    - RCTTypeSafety (= 0.64.6)
    - React-Core/CoreModulesHeaders (= 0.64.6)
    - React-jsi (= 0.64.6)
    - React-RCTImage (= 0.64.6)
    - ReactCommon/turbomodule/core (= 0.64.6)
  - React-cxxreact (0.64.6):
    - boost-for-react-native (= 1.63.0)
    - DoubleConversion
    - glog
    - RCT-Folly (= 2020.01.13.00)
    - React-callinvoker (= 0.64.6)
    - React-jsi (= 0.64.6)
    - React-jsinspector (= 0.64.6)
    - React-perflogger (= 0.64.6)
    - React-runtimeexecutor (= 0.64.6)
  - React-jsi (0.64.6):
    - boost-for-react-native (= 1.63.0)
    - DoubleConversion
    - glog
    - RCT-Folly (= 2020.01.13.00)
    - React-jsi/Default (= 0.64.6)
  - React-jsi/Default (0.64.6):
    - boost-for-react-native (= 1.63.0)
    - DoubleConversion
    - glog
    - RCT-Folly (= 2020.01.13.00)
  - React-jsiexecutor (0.64.6):
    - DoubleConversion
    - glog
    - RCT-Folly (= 2020.01.13.00)
    - React-cxxreact (= 0.64.6)
    - React-jsi (= 0.64.6)
    - React-perflogger (= 0.64.6)
  - React-jsinspector (0.64.6)
  - React-perflogger (0.64.6)
  - React-RCTActionSheet (0.64.6):
    - React-Core/RCTActionSheetHeaders (= 0.64.6)
  - React-RCTAnimation (0.64.6):
    - FBReactNativeSpec (= 0.64.6)
    - RCT-Folly (= 2020.01.13.00)
    - RCTTypeSafety (= 0.64.6)
    - React-Core/RCTAnimationHeaders (= 0.64.6)
    - React-jsi (= 0.64.6)
    - ReactCommon/turbomodule/core (= 0.64.6)
  - React-RCTBlob (0.64.6):
    - FBReactNativeSpec (= 0.64.6)
    - RCT-Folly (= 2020.01.13.00)
    - React-Core/RCTBlobHeaders (= 0.64.6)
    - React-Core/RCTWebSocket (= 0.64.6)
    - React-jsi (= 0.64.6)
    - React-RCTNetwork (= 0.64.6)
    - ReactCommon/turbomodule/core (= 0.64.6)
  - React-RCTImage (0.64.6):
    - FBReactNativeSpec (= 0.64.6)
    - RCT-Folly (= 2020.01.13.00)
    - RCTTypeSafety (= 0.64.6)
    - React-Core/RCTImageHeaders (= 0.64.6)
    - React-jsi (= 0.64.6)
    - React-RCTNetwork (= 0.64.6)
    - ReactCommon/turbomodule/core (= 0.64.6)
  - React-RCTLinking (0.64.6):
    - FBReactNativeSpec (= 0.64.6)
    - React-Core/RCTLinkingHeaders (= 0.64.6)
    - React-jsi (= 0.64.6)
    - ReactCommon/turbomodule/core (= 0.64.6)
  - React-RCTNetwork (0.64.6):
    - FBReactNativeSpec (= 0.64.6)
    - RCT-Folly (= 2020.01.13.00)
    - RCTTypeSafety (= 0.64.6)
    - React-Core/RCTNetworkHeaders (= 0.64.6)
    - React-jsi (= 0.64.6)
    - ReactCommon/turbomodule/core (= 0.64.6)
  - React-RCTSettings (0.64.6):
    - FBReactNativeSpec (= 0.64.6)
    - RCT-Folly (= 2020.01.13.00)
    - RCTTypeSafety (= 0.64.6)
    - React-Core/RCTSettingsHeaders (= 0.64.6)
    - React-jsi (= 0.64.6)
    - ReactCommon/turbomodule/core (= 0.64.6)
  - React-RCTText (0.64.6):
    - React-Core/RCTTextHeaders (= 0.64.6)
  - React-RCTVibration (0.64.6):
    - FBReactNativeSpec (= 0.64.6)
    - RCT-Folly (= 2020.01.13.00)
    - React-Core/RCTVibrationHeaders (= 0.64.6)
    - React-jsi (= 0.64.6)
    - ReactCommon/turbomodule/core (= 0.64.6)
  - React-runtimeexecutor (0.64.6):
    - React-jsi (= 0.64.6)
  - ReactCommon/turbomodule/core (0.64.6):
    - DoubleConversion
    - glog
    - RCT-Folly (= 2020.01.13.00)
    - React-callinvoker (= 0.64.6)
    - React-Core (= 0.64.6)
    - React-cxxreact (= 0.64.6)
    - React-jsi (= 0.64.6)
    - React-perflogger (= 0.64.6)
  - ReactTestApp-DevSupport (0.0.1-dev):
    - React-Core
    - React-jsi
  - ReactTestApp-Resources (1.0.0-dev)
  - SwiftLint (0.44.0)
  - Yoga (1.14.0)

DEPENDENCIES:
  - boost-for-react-native (from `../node_modules/react-native-macos/third-party-podspecs/boost-for-react-native.podspec`)
  - DoubleConversion (from `../node_modules/react-native-macos/third-party-podspecs/DoubleConversion.podspec`)
  - Example-Tests (from `..`)
  - FBLazyVector (from `../node_modules/react-native-macos/Libraries/FBLazyVector`)
  - FBReactNativeSpec (from `../node_modules/react-native-macos/React/FBReactNativeSpec`)
  - glog (from `../node_modules/react-native-macos/third-party-podspecs/glog.podspec`)
  - RCT-Folly (from `../node_modules/react-native-macos/third-party-podspecs/RCT-Folly.podspec`)
  - RCTRequired (from `../node_modules/react-native-macos/Libraries/RCTRequired`)
  - RCTTypeSafety (from `../node_modules/react-native-macos/Libraries/TypeSafety`)
  - React (from `../node_modules/react-native-macos/`)
  - React-callinvoker (from `../node_modules/react-native-macos/ReactCommon/callinvoker`)
  - React-Core (from `../node_modules/react-native-macos/`)
  - React-Core/DevSupport (from `../node_modules/react-native-macos/`)
  - React-Core/RCTWebSocket (from `../node_modules/react-native-macos/`)
  - React-CoreModules (from `../node_modules/react-native-macos/React/CoreModules`)
  - React-cxxreact (from `../node_modules/react-native-macos/ReactCommon/cxxreact`)
  - React-jsi (from `../node_modules/react-native-macos/ReactCommon/jsi`)
  - React-jsiexecutor (from `../node_modules/react-native-macos/ReactCommon/jsiexecutor`)
  - React-jsinspector (from `../node_modules/react-native-macos/ReactCommon/jsinspector`)
  - React-perflogger (from `../node_modules/react-native-macos/ReactCommon/reactperflogger`)
  - React-RCTActionSheet (from `../node_modules/react-native-macos/Libraries/ActionSheetIOS`)
  - React-RCTAnimation (from `../node_modules/react-native-macos/Libraries/NativeAnimation`)
  - React-RCTBlob (from `../node_modules/react-native-macos/Libraries/Blob`)
  - React-RCTImage (from `../node_modules/react-native-macos/Libraries/Image`)
  - React-RCTLinking (from `../node_modules/react-native-macos/Libraries/LinkingIOS`)
  - React-RCTNetwork (from `../node_modules/react-native-macos/Libraries/Network`)
  - React-RCTSettings (from `../node_modules/react-native-macos/Libraries/Settings`)
  - React-RCTText (from `../node_modules/react-native-macos/Libraries/Text`)
  - React-RCTVibration (from `../node_modules/react-native-macos/Libraries/Vibration`)
  - React-runtimeexecutor (from `../node_modules/react-native-macos/ReactCommon/runtimeexecutor`)
  - ReactCommon/turbomodule/core (from `../node_modules/react-native-macos/ReactCommon`)
  - ReactTestApp-DevSupport (from `../..`)
  - ReactTestApp-Resources (from `..`)
  - SwiftLint
  - Yoga (from `../node_modules/react-native-macos/ReactCommon/yoga`)

SPEC REPOS:
  trunk:
    - SwiftLint

EXTERNAL SOURCES:
  boost-for-react-native:
    :podspec: "../node_modules/react-native-macos/third-party-podspecs/boost-for-react-native.podspec"
  DoubleConversion:
    :podspec: "../node_modules/react-native-macos/third-party-podspecs/DoubleConversion.podspec"
  Example-Tests:
    :path: ".."
  FBLazyVector:
    :path: "../node_modules/react-native-macos/Libraries/FBLazyVector"
  FBReactNativeSpec:
    :path: "../node_modules/react-native-macos/React/FBReactNativeSpec"
  glog:
    :podspec: "../node_modules/react-native-macos/third-party-podspecs/glog.podspec"
  RCT-Folly:
    :podspec: "../node_modules/react-native-macos/third-party-podspecs/RCT-Folly.podspec"
  RCTRequired:
    :path: "../node_modules/react-native-macos/Libraries/RCTRequired"
  RCTTypeSafety:
    :path: "../node_modules/react-native-macos/Libraries/TypeSafety"
  React:
    :path: "../node_modules/react-native-macos/"
  React-callinvoker:
    :path: "../node_modules/react-native-macos/ReactCommon/callinvoker"
  React-Core:
    :path: "../node_modules/react-native-macos/"
  React-CoreModules:
    :path: "../node_modules/react-native-macos/React/CoreModules"
  React-cxxreact:
    :path: "../node_modules/react-native-macos/ReactCommon/cxxreact"
  React-jsi:
    :path: "../node_modules/react-native-macos/ReactCommon/jsi"
  React-jsiexecutor:
    :path: "../node_modules/react-native-macos/ReactCommon/jsiexecutor"
  React-jsinspector:
    :path: "../node_modules/react-native-macos/ReactCommon/jsinspector"
  React-perflogger:
    :path: "../node_modules/react-native-macos/ReactCommon/reactperflogger"
  React-RCTActionSheet:
    :path: "../node_modules/react-native-macos/Libraries/ActionSheetIOS"
  React-RCTAnimation:
    :path: "../node_modules/react-native-macos/Libraries/NativeAnimation"
  React-RCTBlob:
    :path: "../node_modules/react-native-macos/Libraries/Blob"
  React-RCTImage:
    :path: "../node_modules/react-native-macos/Libraries/Image"
  React-RCTLinking:
    :path: "../node_modules/react-native-macos/Libraries/LinkingIOS"
  React-RCTNetwork:
    :path: "../node_modules/react-native-macos/Libraries/Network"
  React-RCTSettings:
    :path: "../node_modules/react-native-macos/Libraries/Settings"
  React-RCTText:
    :path: "../node_modules/react-native-macos/Libraries/Text"
  React-RCTVibration:
    :path: "../node_modules/react-native-macos/Libraries/Vibration"
  React-runtimeexecutor:
    :path: "../node_modules/react-native-macos/ReactCommon/runtimeexecutor"
  ReactCommon:
    :path: "../node_modules/react-native-macos/ReactCommon"
  ReactTestApp-DevSupport:
    :path: "../.."
  ReactTestApp-Resources:
    :path: ".."
  Yoga:
    :path: "../node_modules/react-native-macos/ReactCommon/yoga"

SPEC CHECKSUMS:
  boost-for-react-native: d5ad1140010aa8cb622323a781ecbeab4425d19a
  DoubleConversion: 0ea4559a49682230337df966e735d6cc7760108e
  Example-Tests: e3a0c1aa41706608d102daa2239aa6d79fcb6e51
  FBLazyVector: 43b99cd7f311ce065cb61779d60cb2fa62412555
  FBReactNativeSpec: e42f11ec8f3eb1b86dacc51a91b782c9e556cde2
  glog: 0dc7efada961c0793012970b60faebbd58b0decb
  RCT-Folly: b3998425a8ee9f695f57a204dc494534246f0fe9
  RCTRequired: 9717a65004af4f50e3414f466e5b527dd6ee9ed6
  RCTTypeSafety: 2721d5531586a3e7abe6675486e8a263eb15ce64
  React: 114c7de037082a05f40e16f05c02f396d5bebc19
  React-callinvoker: fcad06bcada321d7cd0fb9a11c1e8398720cca45
  React-Core: f3599f758b5b38fed17ab8d702fe83f822fc73b7
  React-CoreModules: ebe2f1d2e6d86ce6fb949672e3f19dddaa7a00a0
  React-cxxreact: db8a7deea2c8d8545339bd648969c3085a7143ce
  React-jsi: 8980b5e7dd51939a32dfb88752717c995d2724bc
  React-jsiexecutor: e314d3da1a2f86fc449e046b13f6e58facb90d76
  React-jsinspector: 54da2560e473a3610e95ed6f9a05dfac1058cc0b
  React-perflogger: d3868d5606bbd2e52ef3ea253df27b0402804fba
  React-RCTActionSheet: 0c948f735703ee7e62c5d26a775e9370b915041b
  React-RCTAnimation: bb624f714f579f7658d0bc0a8c7775eddf5731e9
  React-RCTBlob: a7797f10c4eb8ce7b457deac96454bd284999dd7
  React-RCTImage: f2a48672d113093897833e3b671965007166f859
  React-RCTLinking: cc08be744f177b8df3407141ee566ad0173fe1e3
  React-RCTNetwork: 9e20bd47bee62f9f767c256fc08505835f22237b
  React-RCTSettings: 712054532315221c96df257235b30bf06c6fdd9c
  React-RCTText: 59c83b690e5e4b61550f323a3adb1dbaae2fa9ca
  React-RCTVibration: fb8058a6146d5f76ab1bf863b115fbb2e2f64087
  React-runtimeexecutor: 58e858b72ad3b3a0dcb968e6928c6dcd2a9e2f99
  ReactCommon: 5cd56f97899c6973c64dda6663977bd12a9cf0e5
  ReactTestApp-DevSupport: 84b7cc35cf707c9ceb3aae756f098354f5641cd8
  ReactTestApp-Resources: bb546b3a5dca4b7931bee423d4ef28cd94b346cf
  SwiftLint: e96c0a8c770c7ebbc4d36c55baf9096bb65c4584
  Yoga: cb17a201367c00c634a4342efd81460170b630c6

PODFILE CHECKSUM: 3c90d49455189425443ac97fd0ecb40d4f3b6b78

COCOAPODS: 1.11.2
